// !$*UTF8*$!
{
	archiveVersion = 1;
	classes = {
	};
	objectVersion = 50;
	objects = {

/* Begin PBXBuildFile section */
		9005D192262D7C07006A415D /* CatalogueAndSearchViewController.xib in Resources */ = {isa = PBXBuildFile; fileRef = 9005D191262D7C07006A415D /* CatalogueAndSearchViewController.xib */; };
		9005D197262D7D8E006A415D /* ImageCell.swift in Sources */ = {isa = PBXBuildFile; fileRef = 9005D195262D7D8E006A415D /* ImageCell.swift */; };
		9005D198262D7D8E006A415D /* ImageCell.xib in Resources */ = {isa = PBXBuildFile; fileRef = 9005D196262D7D8E006A415D /* ImageCell.xib */; };
		907B6DE5262C9DCD00E2C697 /* AppDelegate.swift in Sources */ = {isa = PBXBuildFile; fileRef = 907B6DE4262C9DCD00E2C697 /* AppDelegate.swift */; };
		907B6DE7262C9DCD00E2C697 /* SceneDelegate.swift in Sources */ = {isa = PBXBuildFile; fileRef = 907B6DE6262C9DCD00E2C697 /* SceneDelegate.swift */; };
		907B6DE9262C9DCD00E2C697 /* CatalogueAndSearchViewController.swift in Sources */ = {isa = PBXBuildFile; fileRef = 907B6DE8262C9DCD00E2C697 /* CatalogueAndSearchViewController.swift */; };
		907B6DEE262C9DCD00E2C697 /* Assets.xcassets in Resources */ = {isa = PBXBuildFile; fileRef = 907B6DED262C9DCD00E2C697 /* Assets.xcassets */; };
		907B6DF1262C9DCD00E2C697 /* LaunchScreen.storyboard in Resources */ = {isa = PBXBuildFile; fileRef = 907B6DEF262C9DCD00E2C697 /* LaunchScreen.storyboard */; };
		907B6E0D262CA3B900E2C697 /* CatalogueAndSearchViewModel.swift in Sources */ = {isa = PBXBuildFile; fileRef = 907B6E0C262CA3B900E2C697 /* CatalogueAndSearchViewModel.swift */; };
		907B6E13262CACA300E2C697 /* ImageRepository.swift in Sources */ = {isa = PBXBuildFile; fileRef = 907B6E12262CACA300E2C697 /* ImageRepository.swift */; };
		907B6E16262CAD0C00E2C697 /* TestImageModel.swift in Sources */ = {isa = PBXBuildFile; fileRef = 907B6E15262CAD0C00E2C697 /* TestImageModel.swift */; };
		907B6E2D262CBA4000E2C697 /* ImageDetailViewModel.swift in Sources */ = {isa = PBXBuildFile; fileRef = 907B6E2C262CBA4000E2C697 /* ImageDetailViewModel.swift */; };
		907B6E30262CBA5E00E2C697 /* ImageDetailViewController.swift in Sources */ = {isa = PBXBuildFile; fileRef = 907B6E2F262CBA5E00E2C697 /* ImageDetailViewController.swift */; };
		907B6EA1262CBB7500E2C697 /* jsmdev-test-image-070.jpeg in Resources */ = {isa = PBXBuildFile; fileRef = 907B6E38262CBB7500E2C697 /* jsmdev-test-image-070.jpeg */; };
		907B6EA2262CBB7500E2C697 /* jsmdev-test-image-027.jpeg in Resources */ = {isa = PBXBuildFile; fileRef = 907B6E39262CBB7500E2C697 /* jsmdev-test-image-027.jpeg */; };
		907B6EA3262CBB7500E2C697 /* jsmdev-test-image-031.jpeg in Resources */ = {isa = PBXBuildFile; fileRef = 907B6E3A262CBB7500E2C697 /* jsmdev-test-image-031.jpeg */; };
		907B6EA4262CBB7500E2C697 /* jsmdev-test-image-089.jpeg in Resources */ = {isa = PBXBuildFile; fileRef = 907B6E3B262CBB7500E2C697 /* jsmdev-test-image-089.jpeg */; };
		907B6EA5262CBB7500E2C697 /* jsmdev-test-image-066.jpeg in Resources */ = {isa = PBXBuildFile; fileRef = 907B6E3C262CBB7500E2C697 /* jsmdev-test-image-066.jpeg */; };
		907B6EA6262CBB7500E2C697 /* jsmdev-test-image-093.jpeg in Resources */ = {isa = PBXBuildFile; fileRef = 907B6E3D262CBB7500E2C697 /* jsmdev-test-image-093.jpeg */; };
		907B6EA7262CBB7500E2C697 /* jsmdev-test-image-085.jpeg in Resources */ = {isa = PBXBuildFile; fileRef = 907B6E3E262CBB7500E2C697 /* jsmdev-test-image-085.jpeg */; };
		907B6EA8262CBB7500E2C697 /* jsmdev-test-image-011.jpeg in Resources */ = {isa = PBXBuildFile; fileRef = 907B6E3F262CBB7500E2C697 /* jsmdev-test-image-011.jpeg */; };
		907B6EA9262CBB7500E2C697 /* jsmdev-test-image-046.jpeg in Resources */ = {isa = PBXBuildFile; fileRef = 907B6E40262CBB7500E2C697 /* jsmdev-test-image-046.jpeg */; };
		907B6EAA262CBB7500E2C697 /* jsmdev-test-image-103.jpeg in Resources */ = {isa = PBXBuildFile; fileRef = 907B6E41262CBB7500E2C697 /* jsmdev-test-image-103.jpeg */; };
		907B6EAB262CBB7500E2C697 /* jsmdev-test-image-050.jpeg in Resources */ = {isa = PBXBuildFile; fileRef = 907B6E42262CBB7500E2C697 /* jsmdev-test-image-050.jpeg */; };
		907B6EAC262CBB7500E2C697 /* jsmdev-test-image-007.jpeg in Resources */ = {isa = PBXBuildFile; fileRef = 907B6E43262CBB7500E2C697 /* jsmdev-test-image-007.jpeg */; };
		907B6EAD262CBB7500E2C697 /* jsmdev-test-image-006.jpeg in Resources */ = {isa = PBXBuildFile; fileRef = 907B6E44262CBB7500E2C697 /* jsmdev-test-image-006.jpeg */; };
		907B6EAE262CBB7500E2C697 /* jsmdev-test-image-051.jpeg in Resources */ = {isa = PBXBuildFile; fileRef = 907B6E45262CBB7500E2C697 /* jsmdev-test-image-051.jpeg */; };
		907B6EAF262CBB7500E2C697 /* jsmdev-test-image-047.jpeg in Resources */ = {isa = PBXBuildFile; fileRef = 907B6E46262CBB7500E2C697 /* jsmdev-test-image-047.jpeg */; };
		907B6EB0262CBB7500E2C697 /* jsmdev-test-image-102.jpeg in Resources */ = {isa = PBXBuildFile; fileRef = 907B6E47262CBB7500E2C697 /* jsmdev-test-image-102.jpeg */; };
		907B6EB1262CBB7500E2C697 /* jsmdev-test-image-010.jpeg in Resources */ = {isa = PBXBuildFile; fileRef = 907B6E48262CBB7500E2C697 /* jsmdev-test-image-010.jpeg */; };
		907B6EB2262CBB7500E2C697 /* jsmdev-test-image-084.jpeg in Resources */ = {isa = PBXBuildFile; fileRef = 907B6E49262CBB7500E2C697 /* jsmdev-test-image-084.jpeg */; };
		907B6EB3262CBB7500E2C697 /* jsmdev-test-image-092.jpeg in Resources */ = {isa = PBXBuildFile; fileRef = 907B6E4A262CBB7500E2C697 /* jsmdev-test-image-092.jpeg */; };
		907B6EB4262CBB7500E2C697 /* jsmdev-test-image-088.jpeg in Resources */ = {isa = PBXBuildFile; fileRef = 907B6E4B262CBB7500E2C697 /* jsmdev-test-image-088.jpeg */; };
		907B6EB5262CBB7500E2C697 /* jsmdev-test-image-067.jpeg in Resources */ = {isa = PBXBuildFile; fileRef = 907B6E4C262CBB7500E2C697 /* jsmdev-test-image-067.jpeg */; };
		907B6EB6262CBB7500E2C697 /* jsmdev-test-image-030.jpeg in Resources */ = {isa = PBXBuildFile; fileRef = 907B6E4D262CBB7500E2C697 /* jsmdev-test-image-030.jpeg */; };
		907B6EB7262CBB7500E2C697 /* jsmdev-test-image-026.jpeg in Resources */ = {isa = PBXBuildFile; fileRef = 907B6E4E262CBB7500E2C697 /* jsmdev-test-image-026.jpeg */; };
		907B6EB8262CBB7500E2C697 /* jsmdev-test-image-071.jpeg in Resources */ = {isa = PBXBuildFile; fileRef = 907B6E4F262CBB7500E2C697 /* jsmdev-test-image-071.jpeg */; };
		907B6EB9262CBB7500E2C697 /* jsmdev-test-image-095.jpeg in Resources */ = {isa = PBXBuildFile; fileRef = 907B6E50262CBB7500E2C697 /* jsmdev-test-image-095.jpeg */; };
		907B6EBA262CBB7500E2C697 /* jsmdev-test-image-083.jpeg in Resources */ = {isa = PBXBuildFile; fileRef = 907B6E51262CBB7500E2C697 /* jsmdev-test-image-083.jpeg */; };
		907B6EBB262CBB7500E2C697 /* jsmdev-test-image-017.jpeg in Resources */ = {isa = PBXBuildFile; fileRef = 907B6E52262CBB7500E2C697 /* jsmdev-test-image-017.jpeg */; };
		907B6EBC262CBB7500E2C697 /* jsmdev-test-image-040.jpeg in Resources */ = {isa = PBXBuildFile; fileRef = 907B6E53262CBB7500E2C697 /* jsmdev-test-image-040.jpeg */; };
		907B6EBD262CBB7500E2C697 /* jsmdev-test-image-056.jpeg in Resources */ = {isa = PBXBuildFile; fileRef = 907B6E54262CBB7500E2C697 /* jsmdev-test-image-056.jpeg */; };
		907B6EBE262CBB7500E2C697 /* jsmdev-test-image-001.jpeg in Resources */ = {isa = PBXBuildFile; fileRef = 907B6E55262CBB7500E2C697 /* jsmdev-test-image-001.jpeg */; };
		907B6EBF262CBB7500E2C697 /* jsmdev-test-image-099.jpeg in Resources */ = {isa = PBXBuildFile; fileRef = 907B6E56262CBB7500E2C697 /* jsmdev-test-image-099.jpeg */; };
		907B6EC0262CBB7500E2C697 /* jsmdev-test-image-076.jpeg in Resources */ = {isa = PBXBuildFile; fileRef = 907B6E57262CBB7500E2C697 /* jsmdev-test-image-076.jpeg */; };
		907B6EC1262CBB7500E2C697 /* jsmdev-test-image-021.jpeg in Resources */ = {isa = PBXBuildFile; fileRef = 907B6E58262CBB7500E2C697 /* jsmdev-test-image-021.jpeg */; };
		907B6EC2262CBB7500E2C697 /* jsmdev-test-image-037.jpeg in Resources */ = {isa = PBXBuildFile; fileRef = 907B6E59262CBB7500E2C697 /* jsmdev-test-image-037.jpeg */; };
		907B6EC3262CBB7500E2C697 /* jsmdev-test-image-060.jpeg in Resources */ = {isa = PBXBuildFile; fileRef = 907B6E5A262CBB7500E2C697 /* jsmdev-test-image-060.jpeg */; };
		907B6EC4262CBB7500E2C697 /* jsmdev-test-image-061.jpeg in Resources */ = {isa = PBXBuildFile; fileRef = 907B6E5B262CBB7500E2C697 /* jsmdev-test-image-061.jpeg */; };
		907B6EC5262CBB7500E2C697 /* jsmdev-test-image-036.jpeg in Resources */ = {isa = PBXBuildFile; fileRef = 907B6E5C262CBB7500E2C697 /* jsmdev-test-image-036.jpeg */; };
		907B6EC6262CBB7500E2C697 /* jsmdev-test-image-020.jpeg in Resources */ = {isa = PBXBuildFile; fileRef = 907B6E5D262CBB7500E2C697 /* jsmdev-test-image-020.jpeg */; };
		907B6EC7262CBB7500E2C697 /* jsmdev-test-image-098.jpeg in Resources */ = {isa = PBXBuildFile; fileRef = 907B6E5E262CBB7500E2C697 /* jsmdev-test-image-098.jpeg */; };
		907B6EC8262CBB7500E2C697 /* jsmdev-test-image-077.jpeg in Resources */ = {isa = PBXBuildFile; fileRef = 907B6E5F262CBB7500E2C697 /* jsmdev-test-image-077.jpeg */; };
		907B6EC9262CBB7500E2C697 /* jsmdev-test-image-000.jpeg in Resources */ = {isa = PBXBuildFile; fileRef = 907B6E60262CBB7500E2C697 /* jsmdev-test-image-000.jpeg */; };
		907B6ECA262CBB7500E2C697 /* jsmdev-test-image-057.jpeg in Resources */ = {isa = PBXBuildFile; fileRef = 907B6E61262CBB7500E2C697 /* jsmdev-test-image-057.jpeg */; };
		907B6ECB262CBB7500E2C697 /* jsmdev-test-image-041.jpeg in Resources */ = {isa = PBXBuildFile; fileRef = 907B6E62262CBB7500E2C697 /* jsmdev-test-image-041.jpeg */; };
		907B6ECC262CBB7500E2C697 /* jsmdev-test-image-104.jpeg in Resources */ = {isa = PBXBuildFile; fileRef = 907B6E63262CBB7500E2C697 /* jsmdev-test-image-104.jpeg */; };
		907B6ECD262CBB7500E2C697 /* jsmdev-test-image-016.jpeg in Resources */ = {isa = PBXBuildFile; fileRef = 907B6E64262CBB7500E2C697 /* jsmdev-test-image-016.jpeg */; };
		907B6ECE262CBB7500E2C697 /* jsmdev-test-image-082.jpeg in Resources */ = {isa = PBXBuildFile; fileRef = 907B6E65262CBB7500E2C697 /* jsmdev-test-image-082.jpeg */; };
		907B6ECF262CBB7500E2C697 /* jsmdev-test-image-094.jpeg in Resources */ = {isa = PBXBuildFile; fileRef = 907B6E66262CBB7500E2C697 /* jsmdev-test-image-094.jpeg */; };
		907B6ED0262CBB7500E2C697 /* jsmdev-test-image-003.jpeg in Resources */ = {isa = PBXBuildFile; fileRef = 907B6E67262CBB7500E2C697 /* jsmdev-test-image-003.jpeg */; };
		907B6ED1262CBB7500E2C697 /* jsmdev-test-image-054.jpeg in Resources */ = {isa = PBXBuildFile; fileRef = 907B6E68262CBB7500E2C697 /* jsmdev-test-image-054.jpeg */; };
		907B6ED2262CBB7500E2C697 /* jsmdev-test-image-042.jpeg in Resources */ = {isa = PBXBuildFile; fileRef = 907B6E69262CBB7500E2C697 /* jsmdev-test-image-042.jpeg */; };
		907B6ED3262CBB7500E2C697 /* jsmdev-test-image-015.jpeg in Resources */ = {isa = PBXBuildFile; fileRef = 907B6E6A262CBB7500E2C697 /* jsmdev-test-image-015.jpeg */; };
		907B6ED4262CBB7500E2C697 /* jsmdev-test-image-081.jpeg in Resources */ = {isa = PBXBuildFile; fileRef = 907B6E6B262CBB7500E2C697 /* jsmdev-test-image-081.jpeg */; };
		907B6ED5262CBB7500E2C697 /* jsmdev-test-image-039.jpeg in Resources */ = {isa = PBXBuildFile; fileRef = 907B6E6C262CBB7500E2C697 /* jsmdev-test-image-039.jpeg */; };
		907B6ED6262CBB7500E2C697 /* jsmdev-test-image-078.jpeg in Resources */ = {isa = PBXBuildFile; fileRef = 907B6E6D262CBB7500E2C697 /* jsmdev-test-image-078.jpeg */; };
		907B6ED7262CBB7500E2C697 /* jsmdev-test-image-097.jpeg in Resources */ = {isa = PBXBuildFile; fileRef = 907B6E6E262CBB7500E2C697 /* jsmdev-test-image-097.jpeg */; };
		907B6ED8262CBB7500E2C697 /* jsmdev-test-image-058.jpeg in Resources */ = {isa = PBXBuildFile; fileRef = 907B6E6F262CBB7500E2C697 /* jsmdev-test-image-058.jpeg */; };
		907B6ED9262CBB7500E2C697 /* jsmdev-test-image-019.jpeg in Resources */ = {isa = PBXBuildFile; fileRef = 907B6E70262CBB7500E2C697 /* jsmdev-test-image-019.jpeg */; };
		907B6EDA262CBB7500E2C697 /* jsmdev-test-image-062.jpeg in Resources */ = {isa = PBXBuildFile; fileRef = 907B6E71262CBB7500E2C697 /* jsmdev-test-image-062.jpeg */; };
		907B6EDB262CBB7500E2C697 /* jsmdev-test-image-035.jpeg in Resources */ = {isa = PBXBuildFile; fileRef = 907B6E72262CBB7500E2C697 /* jsmdev-test-image-035.jpeg */; };
		907B6EDC262CBB7500E2C697 /* jsmdev-test-image-023.jpeg in Resources */ = {isa = PBXBuildFile; fileRef = 907B6E73262CBB7500E2C697 /* jsmdev-test-image-023.jpeg */; };
		907B6EDD262CBB7500E2C697 /* jsmdev-test-image-074.jpeg in Resources */ = {isa = PBXBuildFile; fileRef = 907B6E74262CBB7500E2C697 /* jsmdev-test-image-074.jpeg */; };
		907B6EDE262CBB7500E2C697 /* jsmdev-test-image-075.jpeg in Resources */ = {isa = PBXBuildFile; fileRef = 907B6E75262CBB7500E2C697 /* jsmdev-test-image-075.jpeg */; };
		907B6EDF262CBB7500E2C697 /* jsmdev-test-image-022.jpeg in Resources */ = {isa = PBXBuildFile; fileRef = 907B6E76262CBB7500E2C697 /* jsmdev-test-image-022.jpeg */; };
		907B6EE0262CBB7500E2C697 /* jsmdev-test-image-034.jpeg in Resources */ = {isa = PBXBuildFile; fileRef = 907B6E77262CBB7500E2C697 /* jsmdev-test-image-034.jpeg */; };
		907B6EE1262CBB7500E2C697 /* jsmdev-test-image-063.jpeg in Resources */ = {isa = PBXBuildFile; fileRef = 907B6E78262CBB7500E2C697 /* jsmdev-test-image-063.jpeg */; };
		907B6EE2262CBB7500E2C697 /* jsmdev-test-image-018.jpeg in Resources */ = {isa = PBXBuildFile; fileRef = 907B6E79262CBB7500E2C697 /* jsmdev-test-image-018.jpeg */; };
		907B6EE3262CBB7500E2C697 /* jsmdev-test-image-059.jpeg in Resources */ = {isa = PBXBuildFile; fileRef = 907B6E7A262CBB7500E2C697 /* jsmdev-test-image-059.jpeg */; };
		907B6EE4262CBB7500E2C697 /* jsmdev-test-image-079.jpeg in Resources */ = {isa = PBXBuildFile; fileRef = 907B6E7B262CBB7500E2C697 /* jsmdev-test-image-079.jpeg */; };
		907B6EE5262CBB7500E2C697 /* jsmdev-test-image-096.jpeg in Resources */ = {isa = PBXBuildFile; fileRef = 907B6E7C262CBB7500E2C697 /* jsmdev-test-image-096.jpeg */; };
		907B6EE6262CBB7500E2C697 /* jsmdev-test-image-038.jpeg in Resources */ = {isa = PBXBuildFile; fileRef = 907B6E7D262CBB7500E2C697 /* jsmdev-test-image-038.jpeg */; };
		907B6EE7262CBB7500E2C697 /* jsmdev-test-image-080.jpeg in Resources */ = {isa = PBXBuildFile; fileRef = 907B6E7E262CBB7500E2C697 /* jsmdev-test-image-080.jpeg */; };
		907B6EE8262CBB7500E2C697 /* jsmdev-test-image-014.jpeg in Resources */ = {isa = PBXBuildFile; fileRef = 907B6E7F262CBB7500E2C697 /* jsmdev-test-image-014.jpeg */; };
		907B6EE9262CBB7500E2C697 /* jsmdev-test-image-043.jpeg in Resources */ = {isa = PBXBuildFile; fileRef = 907B6E80262CBB7500E2C697 /* jsmdev-test-image-043.jpeg */; };
		907B6EEA262CBB7500E2C697 /* jsmdev-test-image-055.jpeg in Resources */ = {isa = PBXBuildFile; fileRef = 907B6E81262CBB7500E2C697 /* jsmdev-test-image-055.jpeg */; };
		907B6EEB262CBB7500E2C697 /* jsmdev-test-image-002.jpeg in Resources */ = {isa = PBXBuildFile; fileRef = 907B6E82262CBB7500E2C697 /* jsmdev-test-image-002.jpeg */; };
		907B6EEC262CBB7500E2C697 /* jsmdev-test-image-009.jpeg in Resources */ = {isa = PBXBuildFile; fileRef = 907B6E83262CBB7500E2C697 /* jsmdev-test-image-009.jpeg */; };
		907B6EED262CBB7500E2C697 /* jsmdev-test-image-048.jpeg in Resources */ = {isa = PBXBuildFile; fileRef = 907B6E84262CBB7500E2C697 /* jsmdev-test-image-048.jpeg */; };
		907B6EEE262CBB7500E2C697 /* jsmdev-test-image-064.jpeg in Resources */ = {isa = PBXBuildFile; fileRef = 907B6E85262CBB7500E2C697 /* jsmdev-test-image-064.jpeg */; };
		907B6EEF262CBB7500E2C697 /* jsmdev-test-image-033.jpeg in Resources */ = {isa = PBXBuildFile; fileRef = 907B6E86262CBB7500E2C697 /* jsmdev-test-image-033.jpeg */; };
		907B6EF0262CBB7500E2C697 /* jsmdev-test-image-025.jpeg in Resources */ = {isa = PBXBuildFile; fileRef = 907B6E87262CBB7500E2C697 /* jsmdev-test-image-025.jpeg */; };
		907B6EF1262CBB7500E2C697 /* jsmdev-test-image-072.jpeg in Resources */ = {isa = PBXBuildFile; fileRef = 907B6E88262CBB7500E2C697 /* jsmdev-test-image-072.jpeg */; };
		907B6EF2262CBB7500E2C697 /* jsmdev-test-image-005.jpeg in Resources */ = {isa = PBXBuildFile; fileRef = 907B6E89262CBB7500E2C697 /* jsmdev-test-image-005.jpeg */; };
		907B6EF3262CBB7500E2C697 /* jsmdev-test-image-052.jpeg in Resources */ = {isa = PBXBuildFile; fileRef = 907B6E8A262CBB7500E2C697 /* jsmdev-test-image-052.jpeg */; };
		907B6EF4262CBB7500E2C697 /* jsmdev-test-image-101.jpeg in Resources */ = {isa = PBXBuildFile; fileRef = 907B6E8B262CBB7500E2C697 /* jsmdev-test-image-101.jpeg */; };
		907B6EF5262CBB7500E2C697 /* jsmdev-test-image-044.jpeg in Resources */ = {isa = PBXBuildFile; fileRef = 907B6E8C262CBB7500E2C697 /* jsmdev-test-image-044.jpeg */; };
		907B6EF6262CBB7500E2C697 /* jsmdev-test-image-013.jpeg in Resources */ = {isa = PBXBuildFile; fileRef = 907B6E8D262CBB7500E2C697 /* jsmdev-test-image-013.jpeg */; };
		907B6EF7262CBB7500E2C697 /* jsmdev-test-image-068.jpeg in Resources */ = {isa = PBXBuildFile; fileRef = 907B6E8E262CBB7500E2C697 /* jsmdev-test-image-068.jpeg */; };
		907B6EF8262CBB7500E2C697 /* jsmdev-test-image-087.jpeg in Resources */ = {isa = PBXBuildFile; fileRef = 907B6E8F262CBB7500E2C697 /* jsmdev-test-image-087.jpeg */; };
		907B6EF9262CBB7500E2C697 /* jsmdev-test-image-029.jpeg in Resources */ = {isa = PBXBuildFile; fileRef = 907B6E90262CBB7500E2C697 /* jsmdev-test-image-029.jpeg */; };
		907B6EFA262CBB7500E2C697 /* jsmdev-test-image-091.jpeg in Resources */ = {isa = PBXBuildFile; fileRef = 907B6E91262CBB7500E2C697 /* jsmdev-test-image-091.jpeg */; };
		907B6EFB262CBB7500E2C697 /* jsmdev-test-image-090.jpeg in Resources */ = {isa = PBXBuildFile; fileRef = 907B6E92262CBB7500E2C697 /* jsmdev-test-image-090.jpeg */; };
		907B6EFC262CBB7500E2C697 /* jsmdev-test-image-028.jpeg in Resources */ = {isa = PBXBuildFile; fileRef = 907B6E93262CBB7500E2C697 /* jsmdev-test-image-028.jpeg */; };
		907B6EFD262CBB7500E2C697 /* jsmdev-test-image-069.jpeg in Resources */ = {isa = PBXBuildFile; fileRef = 907B6E94262CBB7500E2C697 /* jsmdev-test-image-069.jpeg */; };
		907B6EFE262CBB7500E2C697 /* jsmdev-test-image-086.jpeg in Resources */ = {isa = PBXBuildFile; fileRef = 907B6E95262CBB7500E2C697 /* jsmdev-test-image-086.jpeg */; };
		907B6EFF262CBB7500E2C697 /* jsmdev-test-image-012.jpeg in Resources */ = {isa = PBXBuildFile; fileRef = 907B6E96262CBB7500E2C697 /* jsmdev-test-image-012.jpeg */; };
		907B6F00262CBB7500E2C697 /* jsmdev-test-image-100.jpeg in Resources */ = {isa = PBXBuildFile; fileRef = 907B6E97262CBB7500E2C697 /* jsmdev-test-image-100.jpeg */; };
		907B6F01262CBB7500E2C697 /* jsmdev-test-image-045.jpeg in Resources */ = {isa = PBXBuildFile; fileRef = 907B6E98262CBB7500E2C697 /* jsmdev-test-image-045.jpeg */; };
		907B6F02262CBB7500E2C697 /* jsmdev-test-image-053.jpeg in Resources */ = {isa = PBXBuildFile; fileRef = 907B6E99262CBB7500E2C697 /* jsmdev-test-image-053.jpeg */; };
		907B6F03262CBB7500E2C697 /* jsmdev-test-image-004.jpeg in Resources */ = {isa = PBXBuildFile; fileRef = 907B6E9A262CBB7500E2C697 /* jsmdev-test-image-004.jpeg */; };
		907B6F04262CBB7500E2C697 /* jsmdev-test-image-073.jpeg in Resources */ = {isa = PBXBuildFile; fileRef = 907B6E9B262CBB7500E2C697 /* jsmdev-test-image-073.jpeg */; };
		907B6F05262CBB7500E2C697 /* jsmdev-test-image-024.jpeg in Resources */ = {isa = PBXBuildFile; fileRef = 907B6E9C262CBB7500E2C697 /* jsmdev-test-image-024.jpeg */; };
		907B6F06262CBB7500E2C697 /* jsmdev-test-image-032.jpeg in Resources */ = {isa = PBXBuildFile; fileRef = 907B6E9D262CBB7500E2C697 /* jsmdev-test-image-032.jpeg */; };
		907B6F07262CBB7500E2C697 /* jsmdev-test-image-065.jpeg in Resources */ = {isa = PBXBuildFile; fileRef = 907B6E9E262CBB7500E2C697 /* jsmdev-test-image-065.jpeg */; };
		907B6F08262CBB7500E2C697 /* jsmdev-test-image-049.jpeg in Resources */ = {isa = PBXBuildFile; fileRef = 907B6E9F262CBB7500E2C697 /* jsmdev-test-image-049.jpeg */; };
		907B6F09262CBB7500E2C697 /* jsmdev-test-image-008.jpeg in Resources */ = {isa = PBXBuildFile; fileRef = 907B6EA0262CBB7500E2C697 /* jsmdev-test-image-008.jpeg */; };
		907B6F0D262CBF0500E2C697 /* ImageCellViewModel.swift in Sources */ = {isa = PBXBuildFile; fileRef = 907B6F0C262CBF0500E2C697 /* ImageCellViewModel.swift */; };
/* End PBXBuildFile section */

/* Begin PBXFileReference section */
		9005D191262D7C07006A415D /* CatalogueAndSearchViewController.xib */ = {isa = PBXFileReference; lastKnownFileType = file.xib; path = CatalogueAndSearchViewController.xib; sourceTree = "<group>"; };
		9005D195262D7D8E006A415D /* ImageCell.swift */ = {isa = PBXFileReference; lastKnownFileType = sourcecode.swift; path = ImageCell.swift; sourceTree = "<group>"; };
		9005D196262D7D8E006A415D /* ImageCell.xib */ = {isa = PBXFileReference; lastKnownFileType = file.xib; path = ImageCell.xib; sourceTree = "<group>"; };
		907B6DE1262C9DCD00E2C697 /* ObjectRecognition.app */ = {isa = PBXFileReference; explicitFileType = wrapper.application; includeInIndex = 0; path = ObjectRecognition.app; sourceTree = BUILT_PRODUCTS_DIR; };
		907B6DE4262C9DCD00E2C697 /* AppDelegate.swift */ = {isa = PBXFileReference; lastKnownFileType = sourcecode.swift; path = AppDelegate.swift; sourceTree = "<group>"; };
		907B6DE6262C9DCD00E2C697 /* SceneDelegate.swift */ = {isa = PBXFileReference; lastKnownFileType = sourcecode.swift; path = SceneDelegate.swift; sourceTree = "<group>"; };
		907B6DE8262C9DCD00E2C697 /* CatalogueAndSearchViewController.swift */ = {isa = PBXFileReference; lastKnownFileType = sourcecode.swift; path = CatalogueAndSearchViewController.swift; sourceTree = "<group>"; };
		907B6DED262C9DCD00E2C697 /* Assets.xcassets */ = {isa = PBXFileReference; lastKnownFileType = folder.assetcatalog; path = Assets.xcassets; sourceTree = "<group>"; };
		907B6DF0262C9DCD00E2C697 /* Base */ = {isa = PBXFileReference; lastKnownFileType = file.storyboard; name = Base; path = Base.lproj/LaunchScreen.storyboard; sourceTree = "<group>"; };
		907B6DF2262C9DCD00E2C697 /* Info.plist */ = {isa = PBXFileReference; lastKnownFileType = text.plist.xml; path = Info.plist; sourceTree = "<group>"; };
		907B6E0C262CA3B900E2C697 /* CatalogueAndSearchViewModel.swift */ = {isa = PBXFileReference; lastKnownFileType = sourcecode.swift; path = CatalogueAndSearchViewModel.swift; sourceTree = "<group>"; };
		907B6E12262CACA300E2C697 /* ImageRepository.swift */ = {isa = PBXFileReference; lastKnownFileType = sourcecode.swift; path = ImageRepository.swift; sourceTree = "<group>"; };
		907B6E15262CAD0C00E2C697 /* TestImageModel.swift */ = {isa = PBXFileReference; lastKnownFileType = sourcecode.swift; path = TestImageModel.swift; sourceTree = "<group>"; };
		907B6E2C262CBA4000E2C697 /* ImageDetailViewModel.swift */ = {isa = PBXFileReference; lastKnownFileType = sourcecode.swift; path = ImageDetailViewModel.swift; sourceTree = "<group>"; };
		907B6E2F262CBA5E00E2C697 /* ImageDetailViewController.swift */ = {isa = PBXFileReference; lastKnownFileType = sourcecode.swift; path = ImageDetailViewController.swift; sourceTree = "<group>"; };
		907B6E38262CBB7500E2C697 /* jsmdev-test-image-070.jpeg */ = {isa = PBXFileReference; lastKnownFileType = image.jpeg; path = "jsmdev-test-image-070.jpeg"; sourceTree = "<group>"; };
		907B6E39262CBB7500E2C697 /* jsmdev-test-image-027.jpeg */ = {isa = PBXFileReference; lastKnownFileType = image.jpeg; path = "jsmdev-test-image-027.jpeg"; sourceTree = "<group>"; };
		907B6E3A262CBB7500E2C697 /* jsmdev-test-image-031.jpeg */ = {isa = PBXFileReference; lastKnownFileType = image.jpeg; path = "jsmdev-test-image-031.jpeg"; sourceTree = "<group>"; };
		907B6E3B262CBB7500E2C697 /* jsmdev-test-image-089.jpeg */ = {isa = PBXFileReference; lastKnownFileType = image.jpeg; path = "jsmdev-test-image-089.jpeg"; sourceTree = "<group>"; };
		907B6E3C262CBB7500E2C697 /* jsmdev-test-image-066.jpeg */ = {isa = PBXFileReference; lastKnownFileType = image.jpeg; path = "jsmdev-test-image-066.jpeg"; sourceTree = "<group>"; };
		907B6E3D262CBB7500E2C697 /* jsmdev-test-image-093.jpeg */ = {isa = PBXFileReference; lastKnownFileType = image.jpeg; path = "jsmdev-test-image-093.jpeg"; sourceTree = "<group>"; };
		907B6E3E262CBB7500E2C697 /* jsmdev-test-image-085.jpeg */ = {isa = PBXFileReference; lastKnownFileType = image.jpeg; path = "jsmdev-test-image-085.jpeg"; sourceTree = "<group>"; };
		907B6E3F262CBB7500E2C697 /* jsmdev-test-image-011.jpeg */ = {isa = PBXFileReference; lastKnownFileType = image.jpeg; path = "jsmdev-test-image-011.jpeg"; sourceTree = "<group>"; };
		907B6E40262CBB7500E2C697 /* jsmdev-test-image-046.jpeg */ = {isa = PBXFileReference; lastKnownFileType = image.jpeg; path = "jsmdev-test-image-046.jpeg"; sourceTree = "<group>"; };
		907B6E41262CBB7500E2C697 /* jsmdev-test-image-103.jpeg */ = {isa = PBXFileReference; lastKnownFileType = image.jpeg; path = "jsmdev-test-image-103.jpeg"; sourceTree = "<group>"; };
		907B6E42262CBB7500E2C697 /* jsmdev-test-image-050.jpeg */ = {isa = PBXFileReference; lastKnownFileType = image.jpeg; path = "jsmdev-test-image-050.jpeg"; sourceTree = "<group>"; };
		907B6E43262CBB7500E2C697 /* jsmdev-test-image-007.jpeg */ = {isa = PBXFileReference; lastKnownFileType = image.jpeg; path = "jsmdev-test-image-007.jpeg"; sourceTree = "<group>"; };
		907B6E44262CBB7500E2C697 /* jsmdev-test-image-006.jpeg */ = {isa = PBXFileReference; lastKnownFileType = image.jpeg; path = "jsmdev-test-image-006.jpeg"; sourceTree = "<group>"; };
		907B6E45262CBB7500E2C697 /* jsmdev-test-image-051.jpeg */ = {isa = PBXFileReference; lastKnownFileType = image.jpeg; path = "jsmdev-test-image-051.jpeg"; sourceTree = "<group>"; };
		907B6E46262CBB7500E2C697 /* jsmdev-test-image-047.jpeg */ = {isa = PBXFileReference; lastKnownFileType = image.jpeg; path = "jsmdev-test-image-047.jpeg"; sourceTree = "<group>"; };
		907B6E47262CBB7500E2C697 /* jsmdev-test-image-102.jpeg */ = {isa = PBXFileReference; lastKnownFileType = image.jpeg; path = "jsmdev-test-image-102.jpeg"; sourceTree = "<group>"; };
		907B6E48262CBB7500E2C697 /* jsmdev-test-image-010.jpeg */ = {isa = PBXFileReference; lastKnownFileType = image.jpeg; path = "jsmdev-test-image-010.jpeg"; sourceTree = "<group>"; };
		907B6E49262CBB7500E2C697 /* jsmdev-test-image-084.jpeg */ = {isa = PBXFileReference; lastKnownFileType = image.jpeg; path = "jsmdev-test-image-084.jpeg"; sourceTree = "<group>"; };
		907B6E4A262CBB7500E2C697 /* jsmdev-test-image-092.jpeg */ = {isa = PBXFileReference; lastKnownFileType = image.jpeg; path = "jsmdev-test-image-092.jpeg"; sourceTree = "<group>"; };
		907B6E4B262CBB7500E2C697 /* jsmdev-test-image-088.jpeg */ = {isa = PBXFileReference; lastKnownFileType = image.jpeg; path = "jsmdev-test-image-088.jpeg"; sourceTree = "<group>"; };
		907B6E4C262CBB7500E2C697 /* jsmdev-test-image-067.jpeg */ = {isa = PBXFileReference; lastKnownFileType = image.jpeg; path = "jsmdev-test-image-067.jpeg"; sourceTree = "<group>"; };
		907B6E4D262CBB7500E2C697 /* jsmdev-test-image-030.jpeg */ = {isa = PBXFileReference; lastKnownFileType = image.jpeg; path = "jsmdev-test-image-030.jpeg"; sourceTree = "<group>"; };
		907B6E4E262CBB7500E2C697 /* jsmdev-test-image-026.jpeg */ = {isa = PBXFileReference; lastKnownFileType = image.jpeg; path = "jsmdev-test-image-026.jpeg"; sourceTree = "<group>"; };
		907B6E4F262CBB7500E2C697 /* jsmdev-test-image-071.jpeg */ = {isa = PBXFileReference; lastKnownFileType = image.jpeg; path = "jsmdev-test-image-071.jpeg"; sourceTree = "<group>"; };
		907B6E50262CBB7500E2C697 /* jsmdev-test-image-095.jpeg */ = {isa = PBXFileReference; lastKnownFileType = image.jpeg; path = "jsmdev-test-image-095.jpeg"; sourceTree = "<group>"; };
		907B6E51262CBB7500E2C697 /* jsmdev-test-image-083.jpeg */ = {isa = PBXFileReference; lastKnownFileType = image.jpeg; path = "jsmdev-test-image-083.jpeg"; sourceTree = "<group>"; };
		907B6E52262CBB7500E2C697 /* jsmdev-test-image-017.jpeg */ = {isa = PBXFileReference; lastKnownFileType = image.jpeg; path = "jsmdev-test-image-017.jpeg"; sourceTree = "<group>"; };
		907B6E53262CBB7500E2C697 /* jsmdev-test-image-040.jpeg */ = {isa = PBXFileReference; lastKnownFileType = image.jpeg; path = "jsmdev-test-image-040.jpeg"; sourceTree = "<group>"; };
		907B6E54262CBB7500E2C697 /* jsmdev-test-image-056.jpeg */ = {isa = PBXFileReference; lastKnownFileType = image.jpeg; path = "jsmdev-test-image-056.jpeg"; sourceTree = "<group>"; };
		907B6E55262CBB7500E2C697 /* jsmdev-test-image-001.jpeg */ = {isa = PBXFileReference; lastKnownFileType = image.jpeg; path = "jsmdev-test-image-001.jpeg"; sourceTree = "<group>"; };
		907B6E56262CBB7500E2C697 /* jsmdev-test-image-099.jpeg */ = {isa = PBXFileReference; lastKnownFileType = image.jpeg; path = "jsmdev-test-image-099.jpeg"; sourceTree = "<group>"; };
		907B6E57262CBB7500E2C697 /* jsmdev-test-image-076.jpeg */ = {isa = PBXFileReference; lastKnownFileType = image.jpeg; path = "jsmdev-test-image-076.jpeg"; sourceTree = "<group>"; };
		907B6E58262CBB7500E2C697 /* jsmdev-test-image-021.jpeg */ = {isa = PBXFileReference; lastKnownFileType = image.jpeg; path = "jsmdev-test-image-021.jpeg"; sourceTree = "<group>"; };
		907B6E59262CBB7500E2C697 /* jsmdev-test-image-037.jpeg */ = {isa = PBXFileReference; lastKnownFileType = image.jpeg; path = "jsmdev-test-image-037.jpeg"; sourceTree = "<group>"; };
		907B6E5A262CBB7500E2C697 /* jsmdev-test-image-060.jpeg */ = {isa = PBXFileReference; lastKnownFileType = image.jpeg; path = "jsmdev-test-image-060.jpeg"; sourceTree = "<group>"; };
		907B6E5B262CBB7500E2C697 /* jsmdev-test-image-061.jpeg */ = {isa = PBXFileReference; lastKnownFileType = image.jpeg; path = "jsmdev-test-image-061.jpeg"; sourceTree = "<group>"; };
		907B6E5C262CBB7500E2C697 /* jsmdev-test-image-036.jpeg */ = {isa = PBXFileReference; lastKnownFileType = image.jpeg; path = "jsmdev-test-image-036.jpeg"; sourceTree = "<group>"; };
		907B6E5D262CBB7500E2C697 /* jsmdev-test-image-020.jpeg */ = {isa = PBXFileReference; lastKnownFileType = image.jpeg; path = "jsmdev-test-image-020.jpeg"; sourceTree = "<group>"; };
		907B6E5E262CBB7500E2C697 /* jsmdev-test-image-098.jpeg */ = {isa = PBXFileReference; lastKnownFileType = image.jpeg; path = "jsmdev-test-image-098.jpeg"; sourceTree = "<group>"; };
		907B6E5F262CBB7500E2C697 /* jsmdev-test-image-077.jpeg */ = {isa = PBXFileReference; lastKnownFileType = image.jpeg; path = "jsmdev-test-image-077.jpeg"; sourceTree = "<group>"; };
		907B6E60262CBB7500E2C697 /* jsmdev-test-image-000.jpeg */ = {isa = PBXFileReference; lastKnownFileType = image.jpeg; path = "jsmdev-test-image-000.jpeg"; sourceTree = "<group>"; };
		907B6E61262CBB7500E2C697 /* jsmdev-test-image-057.jpeg */ = {isa = PBXFileReference; lastKnownFileType = image.jpeg; path = "jsmdev-test-image-057.jpeg"; sourceTree = "<group>"; };
		907B6E62262CBB7500E2C697 /* jsmdev-test-image-041.jpeg */ = {isa = PBXFileReference; lastKnownFileType = image.jpeg; path = "jsmdev-test-image-041.jpeg"; sourceTree = "<group>"; };
		907B6E63262CBB7500E2C697 /* jsmdev-test-image-104.jpeg */ = {isa = PBXFileReference; lastKnownFileType = image.jpeg; path = "jsmdev-test-image-104.jpeg"; sourceTree = "<group>"; };
		907B6E64262CBB7500E2C697 /* jsmdev-test-image-016.jpeg */ = {isa = PBXFileReference; lastKnownFileType = image.jpeg; path = "jsmdev-test-image-016.jpeg"; sourceTree = "<group>"; };
		907B6E65262CBB7500E2C697 /* jsmdev-test-image-082.jpeg */ = {isa = PBXFileReference; lastKnownFileType = image.jpeg; path = "jsmdev-test-image-082.jpeg"; sourceTree = "<group>"; };
		907B6E66262CBB7500E2C697 /* jsmdev-test-image-094.jpeg */ = {isa = PBXFileReference; lastKnownFileType = image.jpeg; path = "jsmdev-test-image-094.jpeg"; sourceTree = "<group>"; };
		907B6E67262CBB7500E2C697 /* jsmdev-test-image-003.jpeg */ = {isa = PBXFileReference; lastKnownFileType = image.jpeg; path = "jsmdev-test-image-003.jpeg"; sourceTree = "<group>"; };
		907B6E68262CBB7500E2C697 /* jsmdev-test-image-054.jpeg */ = {isa = PBXFileReference; lastKnownFileType = image.jpeg; path = "jsmdev-test-image-054.jpeg"; sourceTree = "<group>"; };
		907B6E69262CBB7500E2C697 /* jsmdev-test-image-042.jpeg */ = {isa = PBXFileReference; lastKnownFileType = image.jpeg; path = "jsmdev-test-image-042.jpeg"; sourceTree = "<group>"; };
		907B6E6A262CBB7500E2C697 /* jsmdev-test-image-015.jpeg */ = {isa = PBXFileReference; lastKnownFileType = image.jpeg; path = "jsmdev-test-image-015.jpeg"; sourceTree = "<group>"; };
		907B6E6B262CBB7500E2C697 /* jsmdev-test-image-081.jpeg */ = {isa = PBXFileReference; lastKnownFileType = image.jpeg; path = "jsmdev-test-image-081.jpeg"; sourceTree = "<group>"; };
		907B6E6C262CBB7500E2C697 /* jsmdev-test-image-039.jpeg */ = {isa = PBXFileReference; lastKnownFileType = image.jpeg; path = "jsmdev-test-image-039.jpeg"; sourceTree = "<group>"; };
		907B6E6D262CBB7500E2C697 /* jsmdev-test-image-078.jpeg */ = {isa = PBXFileReference; lastKnownFileType = image.jpeg; path = "jsmdev-test-image-078.jpeg"; sourceTree = "<group>"; };
		907B6E6E262CBB7500E2C697 /* jsmdev-test-image-097.jpeg */ = {isa = PBXFileReference; lastKnownFileType = image.jpeg; path = "jsmdev-test-image-097.jpeg"; sourceTree = "<group>"; };
		907B6E6F262CBB7500E2C697 /* jsmdev-test-image-058.jpeg */ = {isa = PBXFileReference; lastKnownFileType = image.jpeg; path = "jsmdev-test-image-058.jpeg"; sourceTree = "<group>"; };
		907B6E70262CBB7500E2C697 /* jsmdev-test-image-019.jpeg */ = {isa = PBXFileReference; lastKnownFileType = image.jpeg; path = "jsmdev-test-image-019.jpeg"; sourceTree = "<group>"; };
		907B6E71262CBB7500E2C697 /* jsmdev-test-image-062.jpeg */ = {isa = PBXFileReference; lastKnownFileType = image.jpeg; path = "jsmdev-test-image-062.jpeg"; sourceTree = "<group>"; };
		907B6E72262CBB7500E2C697 /* jsmdev-test-image-035.jpeg */ = {isa = PBXFileReference; lastKnownFileType = image.jpeg; path = "jsmdev-test-image-035.jpeg"; sourceTree = "<group>"; };
		907B6E73262CBB7500E2C697 /* jsmdev-test-image-023.jpeg */ = {isa = PBXFileReference; lastKnownFileType = image.jpeg; path = "jsmdev-test-image-023.jpeg"; sourceTree = "<group>"; };
		907B6E74262CBB7500E2C697 /* jsmdev-test-image-074.jpeg */ = {isa = PBXFileReference; lastKnownFileType = image.jpeg; path = "jsmdev-test-image-074.jpeg"; sourceTree = "<group>"; };
		907B6E75262CBB7500E2C697 /* jsmdev-test-image-075.jpeg */ = {isa = PBXFileReference; lastKnownFileType = image.jpeg; path = "jsmdev-test-image-075.jpeg"; sourceTree = "<group>"; };
		907B6E76262CBB7500E2C697 /* jsmdev-test-image-022.jpeg */ = {isa = PBXFileReference; lastKnownFileType = image.jpeg; path = "jsmdev-test-image-022.jpeg"; sourceTree = "<group>"; };
		907B6E77262CBB7500E2C697 /* jsmdev-test-image-034.jpeg */ = {isa = PBXFileReference; lastKnownFileType = image.jpeg; path = "jsmdev-test-image-034.jpeg"; sourceTree = "<group>"; };
		907B6E78262CBB7500E2C697 /* jsmdev-test-image-063.jpeg */ = {isa = PBXFileReference; lastKnownFileType = image.jpeg; path = "jsmdev-test-image-063.jpeg"; sourceTree = "<group>"; };
		907B6E79262CBB7500E2C697 /* jsmdev-test-image-018.jpeg */ = {isa = PBXFileReference; lastKnownFileType = image.jpeg; path = "jsmdev-test-image-018.jpeg"; sourceTree = "<group>"; };
		907B6E7A262CBB7500E2C697 /* jsmdev-test-image-059.jpeg */ = {isa = PBXFileReference; lastKnownFileType = image.jpeg; path = "jsmdev-test-image-059.jpeg"; sourceTree = "<group>"; };
		907B6E7B262CBB7500E2C697 /* jsmdev-test-image-079.jpeg */ = {isa = PBXFileReference; lastKnownFileType = image.jpeg; path = "jsmdev-test-image-079.jpeg"; sourceTree = "<group>"; };
		907B6E7C262CBB7500E2C697 /* jsmdev-test-image-096.jpeg */ = {isa = PBXFileReference; lastKnownFileType = image.jpeg; path = "jsmdev-test-image-096.jpeg"; sourceTree = "<group>"; };
		907B6E7D262CBB7500E2C697 /* jsmdev-test-image-038.jpeg */ = {isa = PBXFileReference; lastKnownFileType = image.jpeg; path = "jsmdev-test-image-038.jpeg"; sourceTree = "<group>"; };
		907B6E7E262CBB7500E2C697 /* jsmdev-test-image-080.jpeg */ = {isa = PBXFileReference; lastKnownFileType = image.jpeg; path = "jsmdev-test-image-080.jpeg"; sourceTree = "<group>"; };
		907B6E7F262CBB7500E2C697 /* jsmdev-test-image-014.jpeg */ = {isa = PBXFileReference; lastKnownFileType = image.jpeg; path = "jsmdev-test-image-014.jpeg"; sourceTree = "<group>"; };
		907B6E80262CBB7500E2C697 /* jsmdev-test-image-043.jpeg */ = {isa = PBXFileReference; lastKnownFileType = image.jpeg; path = "jsmdev-test-image-043.jpeg"; sourceTree = "<group>"; };
		907B6E81262CBB7500E2C697 /* jsmdev-test-image-055.jpeg */ = {isa = PBXFileReference; lastKnownFileType = image.jpeg; path = "jsmdev-test-image-055.jpeg"; sourceTree = "<group>"; };
		907B6E82262CBB7500E2C697 /* jsmdev-test-image-002.jpeg */ = {isa = PBXFileReference; lastKnownFileType = image.jpeg; path = "jsmdev-test-image-002.jpeg"; sourceTree = "<group>"; };
		907B6E83262CBB7500E2C697 /* jsmdev-test-image-009.jpeg */ = {isa = PBXFileReference; lastKnownFileType = image.jpeg; path = "jsmdev-test-image-009.jpeg"; sourceTree = "<group>"; };
		907B6E84262CBB7500E2C697 /* jsmdev-test-image-048.jpeg */ = {isa = PBXFileReference; lastKnownFileType = image.jpeg; path = "jsmdev-test-image-048.jpeg"; sourceTree = "<group>"; };
		907B6E85262CBB7500E2C697 /* jsmdev-test-image-064.jpeg */ = {isa = PBXFileReference; lastKnownFileType = image.jpeg; path = "jsmdev-test-image-064.jpeg"; sourceTree = "<group>"; };
		907B6E86262CBB7500E2C697 /* jsmdev-test-image-033.jpeg */ = {isa = PBXFileReference; lastKnownFileType = image.jpeg; path = "jsmdev-test-image-033.jpeg"; sourceTree = "<group>"; };
		907B6E87262CBB7500E2C697 /* jsmdev-test-image-025.jpeg */ = {isa = PBXFileReference; lastKnownFileType = image.jpeg; path = "jsmdev-test-image-025.jpeg"; sourceTree = "<group>"; };
		907B6E88262CBB7500E2C697 /* jsmdev-test-image-072.jpeg */ = {isa = PBXFileReference; lastKnownFileType = image.jpeg; path = "jsmdev-test-image-072.jpeg"; sourceTree = "<group>"; };
		907B6E89262CBB7500E2C697 /* jsmdev-test-image-005.jpeg */ = {isa = PBXFileReference; lastKnownFileType = image.jpeg; path = "jsmdev-test-image-005.jpeg"; sourceTree = "<group>"; };
		907B6E8A262CBB7500E2C697 /* jsmdev-test-image-052.jpeg */ = {isa = PBXFileReference; lastKnownFileType = image.jpeg; path = "jsmdev-test-image-052.jpeg"; sourceTree = "<group>"; };
		907B6E8B262CBB7500E2C697 /* jsmdev-test-image-101.jpeg */ = {isa = PBXFileReference; lastKnownFileType = image.jpeg; path = "jsmdev-test-image-101.jpeg"; sourceTree = "<group>"; };
		907B6E8C262CBB7500E2C697 /* jsmdev-test-image-044.jpeg */ = {isa = PBXFileReference; lastKnownFileType = image.jpeg; path = "jsmdev-test-image-044.jpeg"; sourceTree = "<group>"; };
		907B6E8D262CBB7500E2C697 /* jsmdev-test-image-013.jpeg */ = {isa = PBXFileReference; lastKnownFileType = image.jpeg; path = "jsmdev-test-image-013.jpeg"; sourceTree = "<group>"; };
		907B6E8E262CBB7500E2C697 /* jsmdev-test-image-068.jpeg */ = {isa = PBXFileReference; lastKnownFileType = image.jpeg; path = "jsmdev-test-image-068.jpeg"; sourceTree = "<group>"; };
		907B6E8F262CBB7500E2C697 /* jsmdev-test-image-087.jpeg */ = {isa = PBXFileReference; lastKnownFileType = image.jpeg; path = "jsmdev-test-image-087.jpeg"; sourceTree = "<group>"; };
		907B6E90262CBB7500E2C697 /* jsmdev-test-image-029.jpeg */ = {isa = PBXFileReference; lastKnownFileType = image.jpeg; path = "jsmdev-test-image-029.jpeg"; sourceTree = "<group>"; };
		907B6E91262CBB7500E2C697 /* jsmdev-test-image-091.jpeg */ = {isa = PBXFileReference; lastKnownFileType = image.jpeg; path = "jsmdev-test-image-091.jpeg"; sourceTree = "<group>"; };
		907B6E92262CBB7500E2C697 /* jsmdev-test-image-090.jpeg */ = {isa = PBXFileReference; lastKnownFileType = image.jpeg; path = "jsmdev-test-image-090.jpeg"; sourceTree = "<group>"; };
		907B6E93262CBB7500E2C697 /* jsmdev-test-image-028.jpeg */ = {isa = PBXFileReference; lastKnownFileType = image.jpeg; path = "jsmdev-test-image-028.jpeg"; sourceTree = "<group>"; };
		907B6E94262CBB7500E2C697 /* jsmdev-test-image-069.jpeg */ = {isa = PBXFileReference; lastKnownFileType = image.jpeg; path = "jsmdev-test-image-069.jpeg"; sourceTree = "<group>"; };
		907B6E95262CBB7500E2C697 /* jsmdev-test-image-086.jpeg */ = {isa = PBXFileReference; lastKnownFileType = image.jpeg; path = "jsmdev-test-image-086.jpeg"; sourceTree = "<group>"; };
		907B6E96262CBB7500E2C697 /* jsmdev-test-image-012.jpeg */ = {isa = PBXFileReference; lastKnownFileType = image.jpeg; path = "jsmdev-test-image-012.jpeg"; sourceTree = "<group>"; };
		907B6E97262CBB7500E2C697 /* jsmdev-test-image-100.jpeg */ = {isa = PBXFileReference; lastKnownFileType = image.jpeg; path = "jsmdev-test-image-100.jpeg"; sourceTree = "<group>"; };
		907B6E98262CBB7500E2C697 /* jsmdev-test-image-045.jpeg */ = {isa = PBXFileReference; lastKnownFileType = image.jpeg; path = "jsmdev-test-image-045.jpeg"; sourceTree = "<group>"; };
		907B6E99262CBB7500E2C697 /* jsmdev-test-image-053.jpeg */ = {isa = PBXFileReference; lastKnownFileType = image.jpeg; path = "jsmdev-test-image-053.jpeg"; sourceTree = "<group>"; };
		907B6E9A262CBB7500E2C697 /* jsmdev-test-image-004.jpeg */ = {isa = PBXFileReference; lastKnownFileType = image.jpeg; path = "jsmdev-test-image-004.jpeg"; sourceTree = "<group>"; };
		907B6E9B262CBB7500E2C697 /* jsmdev-test-image-073.jpeg */ = {isa = PBXFileReference; lastKnownFileType = image.jpeg; path = "jsmdev-test-image-073.jpeg"; sourceTree = "<group>"; };
		907B6E9C262CBB7500E2C697 /* jsmdev-test-image-024.jpeg */ = {isa = PBXFileReference; lastKnownFileType = image.jpeg; path = "jsmdev-test-image-024.jpeg"; sourceTree = "<group>"; };
		907B6E9D262CBB7500E2C697 /* jsmdev-test-image-032.jpeg */ = {isa = PBXFileReference; lastKnownFileType = image.jpeg; path = "jsmdev-test-image-032.jpeg"; sourceTree = "<group>"; };
		907B6E9E262CBB7500E2C697 /* jsmdev-test-image-065.jpeg */ = {isa = PBXFileReference; lastKnownFileType = image.jpeg; path = "jsmdev-test-image-065.jpeg"; sourceTree = "<group>"; };
		907B6E9F262CBB7500E2C697 /* jsmdev-test-image-049.jpeg */ = {isa = PBXFileReference; lastKnownFileType = image.jpeg; path = "jsmdev-test-image-049.jpeg"; sourceTree = "<group>"; };
		907B6EA0262CBB7500E2C697 /* jsmdev-test-image-008.jpeg */ = {isa = PBXFileReference; lastKnownFileType = image.jpeg; path = "jsmdev-test-image-008.jpeg"; sourceTree = "<group>"; };
		907B6F0C262CBF0500E2C697 /* ImageCellViewModel.swift */ = {isa = PBXFileReference; lastKnownFileType = sourcecode.swift; path = ImageCellViewModel.swift; sourceTree = "<group>"; };
/* End PBXFileReference section */

/* Begin PBXFrameworksBuildPhase section */
		907B6DDE262C9DCD00E2C697 /* Frameworks */ = {
			isa = PBXFrameworksBuildPhase;
			buildActionMask = 2147483647;
			files = (
			);
			runOnlyForDeploymentPostprocessing = 0;
		};
/* End PBXFrameworksBuildPhase section */

/* Begin PBXGroup section */
		9005D19D262D81A4006A415D /* Cell */ = {
			isa = PBXGroup;
			children = (
				907B6F0C262CBF0500E2C697 /* ImageCellViewModel.swift */,
				9005D195262D7D8E006A415D /* ImageCell.swift */,
				9005D196262D7D8E006A415D /* ImageCell.xib */,
			);
			path = Cell;
			sourceTree = "<group>";
		};
		907B6DD8262C9DCD00E2C697 = {
			isa = PBXGroup;
			children = (
				907B6DE3262C9DCD00E2C697 /* SourceCode */,
				907B6DFB262CA03D00E2C697 /* Resources */,
				907B6DE2262C9DCD00E2C697 /* Products */,
			);
			sourceTree = "<group>";
		};
		907B6DE2262C9DCD00E2C697 /* Products */ = {
			isa = PBXGroup;
			children = (
				907B6DE1262C9DCD00E2C697 /* ObjectRecognition.app */,
			);
			name = Products;
			sourceTree = "<group>";
		};
		907B6DE3262C9DCD00E2C697 /* SourceCode */ = {
			isa = PBXGroup;
			children = (
				907B6DFC262CA08B00E2C697 /* Delegates */,
				907B6E07262CA20F00E2C697 /* AppScenes */,
				907B6E11262CAC5000E2C697 /* Models */,
			);
			path = SourceCode;
			sourceTree = "<group>";
		};
		907B6DFB262CA03D00E2C697 /* Resources */ = {
			isa = PBXGroup;
			children = (
				907B6E33262CBAD100E2C697 /* AppConfiguration */,
				907B6E32262CBAC300E2C697 /* Storyboards */,
				907B6E37262CBB7500E2C697 /* TestImages */,
				907B6E34262CBAE500E2C697 /* Assets */,
			);
			path = Resources;
			sourceTree = "<group>";
		};
		907B6DFC262CA08B00E2C697 /* Delegates */ = {
			isa = PBXGroup;
			children = (
				907B6DE4262C9DCD00E2C697 /* AppDelegate.swift */,
				907B6DE6262C9DCD00E2C697 /* SceneDelegate.swift */,
			);
			path = Delegates;
			sourceTree = "<group>";
		};
		907B6E07262CA20F00E2C697 /* AppScenes */ = {
			isa = PBXGroup;
			children = (
				907B6E09262CA25D00E2C697 /* CatalogueAndSearch */,
				907B6E0B262CA27200E2C697 /* ImageDetail */,
			);
			path = AppScenes;
			sourceTree = "<group>";
		};
		907B6E09262CA25D00E2C697 /* CatalogueAndSearch */ = {
			isa = PBXGroup;
			children = (
				907B6DE8262C9DCD00E2C697 /* CatalogueAndSearchViewController.swift */,
				9005D191262D7C07006A415D /* CatalogueAndSearchViewController.xib */,
				907B6E0C262CA3B900E2C697 /* CatalogueAndSearchViewModel.swift */,
				9005D19D262D81A4006A415D /* Cell */,
			);
			path = CatalogueAndSearch;
			sourceTree = "<group>";
		};
		907B6E0B262CA27200E2C697 /* ImageDetail */ = {
			isa = PBXGroup;
			children = (
				907B6E2C262CBA4000E2C697 /* ImageDetailViewModel.swift */,
				907B6E2F262CBA5E00E2C697 /* ImageDetailViewController.swift */,
			);
			path = ImageDetail;
			sourceTree = "<group>";
		};
		907B6E11262CAC5000E2C697 /* Models */ = {
			isa = PBXGroup;
			children = (
				907B6E15262CAD0C00E2C697 /* TestImageModel.swift */,
				907B6E12262CACA300E2C697 /* ImageRepository.swift */,
			);
			path = Models;
			sourceTree = "<group>";
		};
		907B6E32262CBAC300E2C697 /* Storyboards */ = {
			isa = PBXGroup;
			children = (
				907B6DEF262C9DCD00E2C697 /* LaunchScreen.storyboard */,
			);
			path = Storyboards;
			sourceTree = "<group>";
		};
		907B6E33262CBAD100E2C697 /* AppConfiguration */ = {
			isa = PBXGroup;
			children = (
				907B6DF2262C9DCD00E2C697 /* Info.plist */,
			);
			path = AppConfiguration;
			sourceTree = "<group>";
		};
		907B6E34262CBAE500E2C697 /* Assets */ = {
			isa = PBXGroup;
			children = (
				907B6DED262C9DCD00E2C697 /* Assets.xcassets */,
			);
			path = Assets;
			sourceTree = "<group>";
		};
		907B6E37262CBB7500E2C697 /* TestImages */ = {
			isa = PBXGroup;
			children = (
				907B6E38262CBB7500E2C697 /* jsmdev-test-image-070.jpeg */,
				907B6E39262CBB7500E2C697 /* jsmdev-test-image-027.jpeg */,
				907B6E3A262CBB7500E2C697 /* jsmdev-test-image-031.jpeg */,
				907B6E3B262CBB7500E2C697 /* jsmdev-test-image-089.jpeg */,
				907B6E3C262CBB7500E2C697 /* jsmdev-test-image-066.jpeg */,
				907B6E3D262CBB7500E2C697 /* jsmdev-test-image-093.jpeg */,
				907B6E3E262CBB7500E2C697 /* jsmdev-test-image-085.jpeg */,
				907B6E3F262CBB7500E2C697 /* jsmdev-test-image-011.jpeg */,
				907B6E40262CBB7500E2C697 /* jsmdev-test-image-046.jpeg */,
				907B6E41262CBB7500E2C697 /* jsmdev-test-image-103.jpeg */,
				907B6E42262CBB7500E2C697 /* jsmdev-test-image-050.jpeg */,
				907B6E43262CBB7500E2C697 /* jsmdev-test-image-007.jpeg */,
				907B6E44262CBB7500E2C697 /* jsmdev-test-image-006.jpeg */,
				907B6E45262CBB7500E2C697 /* jsmdev-test-image-051.jpeg */,
				907B6E46262CBB7500E2C697 /* jsmdev-test-image-047.jpeg */,
				907B6E47262CBB7500E2C697 /* jsmdev-test-image-102.jpeg */,
				907B6E48262CBB7500E2C697 /* jsmdev-test-image-010.jpeg */,
				907B6E49262CBB7500E2C697 /* jsmdev-test-image-084.jpeg */,
				907B6E4A262CBB7500E2C697 /* jsmdev-test-image-092.jpeg */,
				907B6E4B262CBB7500E2C697 /* jsmdev-test-image-088.jpeg */,
				907B6E4C262CBB7500E2C697 /* jsmdev-test-image-067.jpeg */,
				907B6E4D262CBB7500E2C697 /* jsmdev-test-image-030.jpeg */,
				907B6E4E262CBB7500E2C697 /* jsmdev-test-image-026.jpeg */,
				907B6E4F262CBB7500E2C697 /* jsmdev-test-image-071.jpeg */,
				907B6E50262CBB7500E2C697 /* jsmdev-test-image-095.jpeg */,
				907B6E51262CBB7500E2C697 /* jsmdev-test-image-083.jpeg */,
				907B6E52262CBB7500E2C697 /* jsmdev-test-image-017.jpeg */,
				907B6E53262CBB7500E2C697 /* jsmdev-test-image-040.jpeg */,
				907B6E54262CBB7500E2C697 /* jsmdev-test-image-056.jpeg */,
				907B6E55262CBB7500E2C697 /* jsmdev-test-image-001.jpeg */,
				907B6E56262CBB7500E2C697 /* jsmdev-test-image-099.jpeg */,
				907B6E57262CBB7500E2C697 /* jsmdev-test-image-076.jpeg */,
				907B6E58262CBB7500E2C697 /* jsmdev-test-image-021.jpeg */,
				907B6E59262CBB7500E2C697 /* jsmdev-test-image-037.jpeg */,
				907B6E5A262CBB7500E2C697 /* jsmdev-test-image-060.jpeg */,
				907B6E5B262CBB7500E2C697 /* jsmdev-test-image-061.jpeg */,
				907B6E5C262CBB7500E2C697 /* jsmdev-test-image-036.jpeg */,
				907B6E5D262CBB7500E2C697 /* jsmdev-test-image-020.jpeg */,
				907B6E5E262CBB7500E2C697 /* jsmdev-test-image-098.jpeg */,
				907B6E5F262CBB7500E2C697 /* jsmdev-test-image-077.jpeg */,
				907B6E60262CBB7500E2C697 /* jsmdev-test-image-000.jpeg */,
				907B6E61262CBB7500E2C697 /* jsmdev-test-image-057.jpeg */,
				907B6E62262CBB7500E2C697 /* jsmdev-test-image-041.jpeg */,
				907B6E63262CBB7500E2C697 /* jsmdev-test-image-104.jpeg */,
				907B6E64262CBB7500E2C697 /* jsmdev-test-image-016.jpeg */,
				907B6E65262CBB7500E2C697 /* jsmdev-test-image-082.jpeg */,
				907B6E66262CBB7500E2C697 /* jsmdev-test-image-094.jpeg */,
				907B6E67262CBB7500E2C697 /* jsmdev-test-image-003.jpeg */,
				907B6E68262CBB7500E2C697 /* jsmdev-test-image-054.jpeg */,
				907B6E69262CBB7500E2C697 /* jsmdev-test-image-042.jpeg */,
				907B6E6A262CBB7500E2C697 /* jsmdev-test-image-015.jpeg */,
				907B6E6B262CBB7500E2C697 /* jsmdev-test-image-081.jpeg */,
				907B6E6C262CBB7500E2C697 /* jsmdev-test-image-039.jpeg */,
				907B6E6D262CBB7500E2C697 /* jsmdev-test-image-078.jpeg */,
				907B6E6E262CBB7500E2C697 /* jsmdev-test-image-097.jpeg */,
				907B6E6F262CBB7500E2C697 /* jsmdev-test-image-058.jpeg */,
				907B6E70262CBB7500E2C697 /* jsmdev-test-image-019.jpeg */,
				907B6E71262CBB7500E2C697 /* jsmdev-test-image-062.jpeg */,
				907B6E72262CBB7500E2C697 /* jsmdev-test-image-035.jpeg */,
				907B6E73262CBB7500E2C697 /* jsmdev-test-image-023.jpeg */,
				907B6E74262CBB7500E2C697 /* jsmdev-test-image-074.jpeg */,
				907B6E75262CBB7500E2C697 /* jsmdev-test-image-075.jpeg */,
				907B6E76262CBB7500E2C697 /* jsmdev-test-image-022.jpeg */,
				907B6E77262CBB7500E2C697 /* jsmdev-test-image-034.jpeg */,
				907B6E78262CBB7500E2C697 /* jsmdev-test-image-063.jpeg */,
				907B6E79262CBB7500E2C697 /* jsmdev-test-image-018.jpeg */,
				907B6E7A262CBB7500E2C697 /* jsmdev-test-image-059.jpeg */,
				907B6E7B262CBB7500E2C697 /* jsmdev-test-image-079.jpeg */,
				907B6E7C262CBB7500E2C697 /* jsmdev-test-image-096.jpeg */,
				907B6E7D262CBB7500E2C697 /* jsmdev-test-image-038.jpeg */,
				907B6E7E262CBB7500E2C697 /* jsmdev-test-image-080.jpeg */,
				907B6E7F262CBB7500E2C697 /* jsmdev-test-image-014.jpeg */,
				907B6E80262CBB7500E2C697 /* jsmdev-test-image-043.jpeg */,
				907B6E81262CBB7500E2C697 /* jsmdev-test-image-055.jpeg */,
				907B6E82262CBB7500E2C697 /* jsmdev-test-image-002.jpeg */,
				907B6E83262CBB7500E2C697 /* jsmdev-test-image-009.jpeg */,
				907B6E84262CBB7500E2C697 /* jsmdev-test-image-048.jpeg */,
				907B6E85262CBB7500E2C697 /* jsmdev-test-image-064.jpeg */,
				907B6E86262CBB7500E2C697 /* jsmdev-test-image-033.jpeg */,
				907B6E87262CBB7500E2C697 /* jsmdev-test-image-025.jpeg */,
				907B6E88262CBB7500E2C697 /* jsmdev-test-image-072.jpeg */,
				907B6E89262CBB7500E2C697 /* jsmdev-test-image-005.jpeg */,
				907B6E8A262CBB7500E2C697 /* jsmdev-test-image-052.jpeg */,
				907B6E8B262CBB7500E2C697 /* jsmdev-test-image-101.jpeg */,
				907B6E8C262CBB7500E2C697 /* jsmdev-test-image-044.jpeg */,
				907B6E8D262CBB7500E2C697 /* jsmdev-test-image-013.jpeg */,
				907B6E8E262CBB7500E2C697 /* jsmdev-test-image-068.jpeg */,
				907B6E8F262CBB7500E2C697 /* jsmdev-test-image-087.jpeg */,
				907B6E90262CBB7500E2C697 /* jsmdev-test-image-029.jpeg */,
				907B6E91262CBB7500E2C697 /* jsmdev-test-image-091.jpeg */,
				907B6E92262CBB7500E2C697 /* jsmdev-test-image-090.jpeg */,
				907B6E93262CBB7500E2C697 /* jsmdev-test-image-028.jpeg */,
				907B6E94262CBB7500E2C697 /* jsmdev-test-image-069.jpeg */,
				907B6E95262CBB7500E2C697 /* jsmdev-test-image-086.jpeg */,
				907B6E96262CBB7500E2C697 /* jsmdev-test-image-012.jpeg */,
				907B6E97262CBB7500E2C697 /* jsmdev-test-image-100.jpeg */,
				907B6E98262CBB7500E2C697 /* jsmdev-test-image-045.jpeg */,
				907B6E99262CBB7500E2C697 /* jsmdev-test-image-053.jpeg */,
				907B6E9A262CBB7500E2C697 /* jsmdev-test-image-004.jpeg */,
				907B6E9B262CBB7500E2C697 /* jsmdev-test-image-073.jpeg */,
				907B6E9C262CBB7500E2C697 /* jsmdev-test-image-024.jpeg */,
				907B6E9D262CBB7500E2C697 /* jsmdev-test-image-032.jpeg */,
				907B6E9E262CBB7500E2C697 /* jsmdev-test-image-065.jpeg */,
				907B6E9F262CBB7500E2C697 /* jsmdev-test-image-049.jpeg */,
				907B6EA0262CBB7500E2C697 /* jsmdev-test-image-008.jpeg */,
			);
			path = TestImages;
			sourceTree = "<group>";
		};
/* End PBXGroup section */

/* Begin PBXNativeTarget section */
		907B6DE0262C9DCD00E2C697 /* ObjectRecognition */ = {
			isa = PBXNativeTarget;
			buildConfigurationList = 907B6DF5262C9DCD00E2C697 /* Build configuration list for PBXNativeTarget "ObjectRecognition" */;
			buildPhases = (
				907B6DDD262C9DCD00E2C697 /* Sources */,
				907B6DDE262C9DCD00E2C697 /* Frameworks */,
				907B6DDF262C9DCD00E2C697 /* Resources */,
			);
			buildRules = (
			);
			dependencies = (
			);
			name = ObjectRecognition;
			productName = ObjectRecognition;
			productReference = 907B6DE1262C9DCD00E2C697 /* ObjectRecognition.app */;
			productType = "com.apple.product-type.application";
		};
/* End PBXNativeTarget section */

/* Begin PBXProject section */
		907B6DD9262C9DCD00E2C697 /* Project object */ = {
			isa = PBXProject;
			attributes = {
				LastSwiftUpdateCheck = 1240;
				LastUpgradeCheck = 1240;
				TargetAttributes = {
					907B6DE0262C9DCD00E2C697 = {
						CreatedOnToolsVersion = 12.4;
					};
				};
			};
			buildConfigurationList = 907B6DDC262C9DCD00E2C697 /* Build configuration list for PBXProject "ObjectRecognition" */;
			compatibilityVersion = "Xcode 9.3";
			developmentRegion = en;
			hasScannedForEncodings = 0;
			knownRegions = (
				en,
				Base,
			);
			mainGroup = 907B6DD8262C9DCD00E2C697;
			productRefGroup = 907B6DE2262C9DCD00E2C697 /* Products */;
			projectDirPath = "";
			projectRoot = "";
			targets = (
				907B6DE0262C9DCD00E2C697 /* ObjectRecognition */,
			);
		};
/* End PBXProject section */

/* Begin PBXResourcesBuildPhase section */
		907B6DDF262C9DCD00E2C697 /* Resources */ = {
			isa = PBXResourcesBuildPhase;
			buildActionMask = 2147483647;
			files = (
				907B6F06262CBB7500E2C697 /* jsmdev-test-image-032.jpeg in Resources */,
				907B6EA4262CBB7500E2C697 /* jsmdev-test-image-089.jpeg in Resources */,
				907B6EF5262CBB7500E2C697 /* jsmdev-test-image-044.jpeg in Resources */,
				907B6EFA262CBB7500E2C697 /* jsmdev-test-image-091.jpeg in Resources */,
				907B6F08262CBB7500E2C697 /* jsmdev-test-image-049.jpeg in Resources */,
				907B6EDB262CBB7500E2C697 /* jsmdev-test-image-035.jpeg in Resources */,
				907B6EB8262CBB7500E2C697 /* jsmdev-test-image-071.jpeg in Resources */,
				907B6EAE262CBB7500E2C697 /* jsmdev-test-image-051.jpeg in Resources */,
				907B6EBF262CBB7500E2C697 /* jsmdev-test-image-099.jpeg in Resources */,
				907B6EFC262CBB7500E2C697 /* jsmdev-test-image-028.jpeg in Resources */,
				907B6EC0262CBB7500E2C697 /* jsmdev-test-image-076.jpeg in Resources */,
				907B6EC9262CBB7500E2C697 /* jsmdev-test-image-000.jpeg in Resources */,
				907B6EA1262CBB7500E2C697 /* jsmdev-test-image-070.jpeg in Resources */,
				907B6ED7262CBB7500E2C697 /* jsmdev-test-image-097.jpeg in Resources */,
				907B6EE6262CBB7500E2C697 /* jsmdev-test-image-038.jpeg in Resources */,
				907B6EA7262CBB7500E2C697 /* jsmdev-test-image-085.jpeg in Resources */,
				907B6EE7262CBB7500E2C697 /* jsmdev-test-image-080.jpeg in Resources */,
				907B6ECD262CBB7500E2C697 /* jsmdev-test-image-016.jpeg in Resources */,
				907B6ECE262CBB7500E2C697 /* jsmdev-test-image-082.jpeg in Resources */,
				907B6EFB262CBB7500E2C697 /* jsmdev-test-image-090.jpeg in Resources */,
				907B6EB3262CBB7500E2C697 /* jsmdev-test-image-092.jpeg in Resources */,
				907B6F03262CBB7500E2C697 /* jsmdev-test-image-004.jpeg in Resources */,
				907B6EDE262CBB7500E2C697 /* jsmdev-test-image-075.jpeg in Resources */,
				907B6EAF262CBB7500E2C697 /* jsmdev-test-image-047.jpeg in Resources */,
				907B6EB9262CBB7500E2C697 /* jsmdev-test-image-095.jpeg in Resources */,
				907B6EAC262CBB7500E2C697 /* jsmdev-test-image-007.jpeg in Resources */,
				9005D192262D7C07006A415D /* CatalogueAndSearchViewController.xib in Resources */,
				907B6EF9262CBB7500E2C697 /* jsmdev-test-image-029.jpeg in Resources */,
				907B6EB1262CBB7500E2C697 /* jsmdev-test-image-010.jpeg in Resources */,
				907B6EE1262CBB7500E2C697 /* jsmdev-test-image-063.jpeg in Resources */,
				907B6EF2262CBB7500E2C697 /* jsmdev-test-image-005.jpeg in Resources */,
				907B6EF8262CBB7500E2C697 /* jsmdev-test-image-087.jpeg in Resources */,
				907B6EB6262CBB7500E2C697 /* jsmdev-test-image-030.jpeg in Resources */,
				907B6ED0262CBB7500E2C697 /* jsmdev-test-image-003.jpeg in Resources */,
				907B6EA6262CBB7500E2C697 /* jsmdev-test-image-093.jpeg in Resources */,
				907B6EA2262CBB7500E2C697 /* jsmdev-test-image-027.jpeg in Resources */,
				907B6EFD262CBB7500E2C697 /* jsmdev-test-image-069.jpeg in Resources */,
				907B6F04262CBB7500E2C697 /* jsmdev-test-image-073.jpeg in Resources */,
				907B6EBC262CBB7500E2C697 /* jsmdev-test-image-040.jpeg in Resources */,
				907B6F02262CBB7500E2C697 /* jsmdev-test-image-053.jpeg in Resources */,
				907B6EF0262CBB7500E2C697 /* jsmdev-test-image-025.jpeg in Resources */,
				907B6EB2262CBB7500E2C697 /* jsmdev-test-image-084.jpeg in Resources */,
				907B6EE0262CBB7500E2C697 /* jsmdev-test-image-034.jpeg in Resources */,
				907B6ED5262CBB7500E2C697 /* jsmdev-test-image-039.jpeg in Resources */,
				907B6EED262CBB7500E2C697 /* jsmdev-test-image-048.jpeg in Resources */,
				907B6ECF262CBB7500E2C697 /* jsmdev-test-image-094.jpeg in Resources */,
				907B6F09262CBB7500E2C697 /* jsmdev-test-image-008.jpeg in Resources */,
				907B6DF1262C9DCD00E2C697 /* LaunchScreen.storyboard in Resources */,
				907B6EE3262CBB7500E2C697 /* jsmdev-test-image-059.jpeg in Resources */,
				907B6ED4262CBB7500E2C697 /* jsmdev-test-image-081.jpeg in Resources */,
				907B6ED3262CBB7500E2C697 /* jsmdev-test-image-015.jpeg in Resources */,
				907B6EDD262CBB7500E2C697 /* jsmdev-test-image-074.jpeg in Resources */,
				907B6EAD262CBB7500E2C697 /* jsmdev-test-image-006.jpeg in Resources */,
				907B6EA3262CBB7500E2C697 /* jsmdev-test-image-031.jpeg in Resources */,
				907B6F00262CBB7500E2C697 /* jsmdev-test-image-100.jpeg in Resources */,
				907B6EF3262CBB7500E2C697 /* jsmdev-test-image-052.jpeg in Resources */,
				907B6EEB262CBB7500E2C697 /* jsmdev-test-image-002.jpeg in Resources */,
				907B6ED2262CBB7500E2C697 /* jsmdev-test-image-042.jpeg in Resources */,
				907B6EBB262CBB7500E2C697 /* jsmdev-test-image-017.jpeg in Resources */,
				907B6EC3262CBB7500E2C697 /* jsmdev-test-image-060.jpeg in Resources */,
				907B6EBA262CBB7500E2C697 /* jsmdev-test-image-083.jpeg in Resources */,
				907B6EE2262CBB7500E2C697 /* jsmdev-test-image-018.jpeg in Resources */,
				907B6EE5262CBB7500E2C697 /* jsmdev-test-image-096.jpeg in Resources */,
				907B6EF1262CBB7500E2C697 /* jsmdev-test-image-072.jpeg in Resources */,
				907B6EEA262CBB7500E2C697 /* jsmdev-test-image-055.jpeg in Resources */,
				907B6ECB262CBB7500E2C697 /* jsmdev-test-image-041.jpeg in Resources */,
				907B6EE4262CBB7500E2C697 /* jsmdev-test-image-079.jpeg in Resources */,
				9005D198262D7D8E006A415D /* ImageCell.xib in Resources */,
				907B6EB7262CBB7500E2C697 /* jsmdev-test-image-026.jpeg in Resources */,
				907B6ED1262CBB7500E2C697 /* jsmdev-test-image-054.jpeg in Resources */,
				907B6EDC262CBB7500E2C697 /* jsmdev-test-image-023.jpeg in Resources */,
				907B6EEC262CBB7500E2C697 /* jsmdev-test-image-009.jpeg in Resources */,
				907B6EB5262CBB7500E2C697 /* jsmdev-test-image-067.jpeg in Resources */,
				907B6EA5262CBB7500E2C697 /* jsmdev-test-image-066.jpeg in Resources */,
				907B6ECA262CBB7500E2C697 /* jsmdev-test-image-057.jpeg in Resources */,
				907B6EC4262CBB7500E2C697 /* jsmdev-test-image-061.jpeg in Resources */,
				907B6EE9262CBB7500E2C697 /* jsmdev-test-image-043.jpeg in Resources */,
				907B6EC8262CBB7500E2C697 /* jsmdev-test-image-077.jpeg in Resources */,
				907B6EA8262CBB7500E2C697 /* jsmdev-test-image-011.jpeg in Resources */,
				907B6ED8262CBB7500E2C697 /* jsmdev-test-image-058.jpeg in Resources */,
				907B6EFE262CBB7500E2C697 /* jsmdev-test-image-086.jpeg in Resources */,
				907B6EAA262CBB7500E2C697 /* jsmdev-test-image-103.jpeg in Resources */,
				907B6EDA262CBB7500E2C697 /* jsmdev-test-image-062.jpeg in Resources */,
				907B6EB0262CBB7500E2C697 /* jsmdev-test-image-102.jpeg in Resources */,
				907B6EC1262CBB7500E2C697 /* jsmdev-test-image-021.jpeg in Resources */,
				907B6EFF262CBB7500E2C697 /* jsmdev-test-image-012.jpeg in Resources */,
				907B6EE8262CBB7500E2C697 /* jsmdev-test-image-014.jpeg in Resources */,
				907B6EAB262CBB7500E2C697 /* jsmdev-test-image-050.jpeg in Resources */,
				907B6EC2262CBB7500E2C697 /* jsmdev-test-image-037.jpeg in Resources */,
				907B6DEE262C9DCD00E2C697 /* Assets.xcassets in Resources */,
				907B6F01262CBB7500E2C697 /* jsmdev-test-image-045.jpeg in Resources */,
				907B6ECC262CBB7500E2C697 /* jsmdev-test-image-104.jpeg in Resources */,
				907B6EC5262CBB7500E2C697 /* jsmdev-test-image-036.jpeg in Resources */,
				907B6EC6262CBB7500E2C697 /* jsmdev-test-image-020.jpeg in Resources */,
				907B6EBE262CBB7500E2C697 /* jsmdev-test-image-001.jpeg in Resources */,
				907B6EF7262CBB7500E2C697 /* jsmdev-test-image-068.jpeg in Resources */,
				907B6F07262CBB7500E2C697 /* jsmdev-test-image-065.jpeg in Resources */,
				907B6EBD262CBB7500E2C697 /* jsmdev-test-image-056.jpeg in Resources */,
				907B6EF4262CBB7500E2C697 /* jsmdev-test-image-101.jpeg in Resources */,
				907B6EB4262CBB7500E2C697 /* jsmdev-test-image-088.jpeg in Resources */,
				907B6EF6262CBB7500E2C697 /* jsmdev-test-image-013.jpeg in Resources */,
				907B6EEF262CBB7500E2C697 /* jsmdev-test-image-033.jpeg in Resources */,
				907B6EDF262CBB7500E2C697 /* jsmdev-test-image-022.jpeg in Resources */,
				907B6EC7262CBB7500E2C697 /* jsmdev-test-image-098.jpeg in Resources */,
				907B6EEE262CBB7500E2C697 /* jsmdev-test-image-064.jpeg in Resources */,
				907B6ED6262CBB7500E2C697 /* jsmdev-test-image-078.jpeg in Resources */,
				907B6EA9262CBB7500E2C697 /* jsmdev-test-image-046.jpeg in Resources */,
				907B6ED9262CBB7500E2C697 /* jsmdev-test-image-019.jpeg in Resources */,
				907B6F05262CBB7500E2C697 /* jsmdev-test-image-024.jpeg in Resources */,
			);
			runOnlyForDeploymentPostprocessing = 0;
		};
/* End PBXResourcesBuildPhase section */

/* Begin PBXSourcesBuildPhase section */
		907B6DDD262C9DCD00E2C697 /* Sources */ = {
			isa = PBXSourcesBuildPhase;
			buildActionMask = 2147483647;
			files = (
				907B6F0D262CBF0500E2C697 /* ImageCellViewModel.swift in Sources */,
				9005D197262D7D8E006A415D /* ImageCell.swift in Sources */,
				907B6DE9262C9DCD00E2C697 /* CatalogueAndSearchViewController.swift in Sources */,
				907B6E2D262CBA4000E2C697 /* ImageDetailViewModel.swift in Sources */,
				907B6DE5262C9DCD00E2C697 /* AppDelegate.swift in Sources */,
				907B6E13262CACA300E2C697 /* ImageRepository.swift in Sources */,
				907B6E16262CAD0C00E2C697 /* TestImageModel.swift in Sources */,
				907B6E0D262CA3B900E2C697 /* CatalogueAndSearchViewModel.swift in Sources */,
				907B6DE7262C9DCD00E2C697 /* SceneDelegate.swift in Sources */,
				907B6E30262CBA5E00E2C697 /* ImageDetailViewController.swift in Sources */,
			);
			runOnlyForDeploymentPostprocessing = 0;
		};
/* End PBXSourcesBuildPhase section */

/* Begin PBXVariantGroup section */
		907B6DEF262C9DCD00E2C697 /* LaunchScreen.storyboard */ = {
			isa = PBXVariantGroup;
			children = (
				907B6DF0262C9DCD00E2C697 /* Base */,
			);
			name = LaunchScreen.storyboard;
			sourceTree = "<group>";
		};
/* End PBXVariantGroup section */

/* Begin XCBuildConfiguration section */
		907B6DF3262C9DCD00E2C697 /* Debug */ = {
			isa = XCBuildConfiguration;
			buildSettings = {
				ALWAYS_SEARCH_USER_PATHS = NO;
				CLANG_ANALYZER_NONNULL = YES;
				CLANG_ANALYZER_NUMBER_OBJECT_CONVERSION = YES_AGGRESSIVE;
				CLANG_CXX_LANGUAGE_STANDARD = "gnu++14";
				CLANG_CXX_LIBRARY = "libc++";
				CLANG_ENABLE_MODULES = YES;
				CLANG_ENABLE_OBJC_ARC = YES;
				CLANG_ENABLE_OBJC_WEAK = YES;
				CLANG_WARN_BLOCK_CAPTURE_AUTORELEASING = YES;
				CLANG_WARN_BOOL_CONVERSION = YES;
				CLANG_WARN_COMMA = YES;
				CLANG_WARN_CONSTANT_CONVERSION = YES;
				CLANG_WARN_DEPRECATED_OBJC_IMPLEMENTATIONS = YES;
				CLANG_WARN_DIRECT_OBJC_ISA_USAGE = YES_ERROR;
				CLANG_WARN_DOCUMENTATION_COMMENTS = YES;
				CLANG_WARN_EMPTY_BODY = YES;
				CLANG_WARN_ENUM_CONVERSION = YES;
				CLANG_WARN_INFINITE_RECURSION = YES;
				CLANG_WARN_INT_CONVERSION = YES;
				CLANG_WARN_NON_LITERAL_NULL_CONVERSION = YES;
				CLANG_WARN_OBJC_IMPLICIT_RETAIN_SELF = YES;
				CLANG_WARN_OBJC_LITERAL_CONVERSION = YES;
				CLANG_WARN_OBJC_ROOT_CLASS = YES_ERROR;
				CLANG_WARN_QUOTED_INCLUDE_IN_FRAMEWORK_HEADER = YES;
				CLANG_WARN_RANGE_LOOP_ANALYSIS = YES;
				CLANG_WARN_STRICT_PROTOTYPES = YES;
				CLANG_WARN_SUSPICIOUS_MOVE = YES;
				CLANG_WARN_UNGUARDED_AVAILABILITY = YES_AGGRESSIVE;
				CLANG_WARN_UNREACHABLE_CODE = YES;
				CLANG_WARN__DUPLICATE_METHOD_MATCH = YES;
				COPY_PHASE_STRIP = NO;
				DEBUG_INFORMATION_FORMAT = dwarf;
				ENABLE_STRICT_OBJC_MSGSEND = YES;
				ENABLE_TESTABILITY = YES;
				GCC_C_LANGUAGE_STANDARD = gnu11;
				GCC_DYNAMIC_NO_PIC = NO;
				GCC_NO_COMMON_BLOCKS = YES;
				GCC_OPTIMIZATION_LEVEL = 0;
				GCC_PREPROCESSOR_DEFINITIONS = (
					"DEBUG=1",
					"$(inherited)",
				);
				GCC_WARN_64_TO_32_BIT_CONVERSION = YES;
				GCC_WARN_ABOUT_RETURN_TYPE = YES_ERROR;
				GCC_WARN_UNDECLARED_SELECTOR = YES;
				GCC_WARN_UNINITIALIZED_AUTOS = YES_AGGRESSIVE;
				GCC_WARN_UNUSED_FUNCTION = YES;
				GCC_WARN_UNUSED_VARIABLE = YES;
				IPHONEOS_DEPLOYMENT_TARGET = 14.4;
				MTL_ENABLE_DEBUG_INFO = INCLUDE_SOURCE;
				MTL_FAST_MATH = YES;
				ONLY_ACTIVE_ARCH = YES;
				SDKROOT = iphoneos;
				SWIFT_ACTIVE_COMPILATION_CONDITIONS = DEBUG;
				SWIFT_OPTIMIZATION_LEVEL = "-Onone";
			};
			name = Debug;
		};
		907B6DF4262C9DCD00E2C697 /* Release */ = {
			isa = XCBuildConfiguration;
			buildSettings = {
				ALWAYS_SEARCH_USER_PATHS = NO;
				CLANG_ANALYZER_NONNULL = YES;
				CLANG_ANALYZER_NUMBER_OBJECT_CONVERSION = YES_AGGRESSIVE;
				CLANG_CXX_LANGUAGE_STANDARD = "gnu++14";
				CLANG_CXX_LIBRARY = "libc++";
				CLANG_ENABLE_MODULES = YES;
				CLANG_ENABLE_OBJC_ARC = YES;
				CLANG_ENABLE_OBJC_WEAK = YES;
				CLANG_WARN_BLOCK_CAPTURE_AUTORELEASING = YES;
				CLANG_WARN_BOOL_CONVERSION = YES;
				CLANG_WARN_COMMA = YES;
				CLANG_WARN_CONSTANT_CONVERSION = YES;
				CLANG_WARN_DEPRECATED_OBJC_IMPLEMENTATIONS = YES;
				CLANG_WARN_DIRECT_OBJC_ISA_USAGE = YES_ERROR;
				CLANG_WARN_DOCUMENTATION_COMMENTS = YES;
				CLANG_WARN_EMPTY_BODY = YES;
				CLANG_WARN_ENUM_CONVERSION = YES;
				CLANG_WARN_INFINITE_RECURSION = YES;
				CLANG_WARN_INT_CONVERSION = YES;
				CLANG_WARN_NON_LITERAL_NULL_CONVERSION = YES;
				CLANG_WARN_OBJC_IMPLICIT_RETAIN_SELF = YES;
				CLANG_WARN_OBJC_LITERAL_CONVERSION = YES;
				CLANG_WARN_OBJC_ROOT_CLASS = YES_ERROR;
				CLANG_WARN_QUOTED_INCLUDE_IN_FRAMEWORK_HEADER = YES;
				CLANG_WARN_RANGE_LOOP_ANALYSIS = YES;
				CLANG_WARN_STRICT_PROTOTYPES = YES;
				CLANG_WARN_SUSPICIOUS_MOVE = YES;
				CLANG_WARN_UNGUARDED_AVAILABILITY = YES_AGGRESSIVE;
				CLANG_WARN_UNREACHABLE_CODE = YES;
				CLANG_WARN__DUPLICATE_METHOD_MATCH = YES;
				COPY_PHASE_STRIP = NO;
				DEBUG_INFORMATION_FORMAT = "dwarf-with-dsym";
				ENABLE_NS_ASSERTIONS = NO;
				ENABLE_STRICT_OBJC_MSGSEND = YES;
				GCC_C_LANGUAGE_STANDARD = gnu11;
				GCC_NO_COMMON_BLOCKS = YES;
				GCC_WARN_64_TO_32_BIT_CONVERSION = YES;
				GCC_WARN_ABOUT_RETURN_TYPE = YES_ERROR;
				GCC_WARN_UNDECLARED_SELECTOR = YES;
				GCC_WARN_UNINITIALIZED_AUTOS = YES_AGGRESSIVE;
				GCC_WARN_UNUSED_FUNCTION = YES;
				GCC_WARN_UNUSED_VARIABLE = YES;
				IPHONEOS_DEPLOYMENT_TARGET = 14.4;
				MTL_ENABLE_DEBUG_INFO = NO;
				MTL_FAST_MATH = YES;
				SDKROOT = iphoneos;
				SWIFT_COMPILATION_MODE = wholemodule;
				SWIFT_OPTIMIZATION_LEVEL = "-O";
				VALIDATE_PRODUCT = YES;
			};
			name = Release;
		};
		907B6DF6262C9DCD00E2C697 /* Debug */ = {
			isa = XCBuildConfiguration;
			buildSettings = {
				ASSETCATALOG_COMPILER_APPICON_NAME = AppIcon;
				ASSETCATALOG_COMPILER_GLOBAL_ACCENT_COLOR_NAME = AccentColor;
				CODE_SIGN_STYLE = Automatic;
				CURRENT_PROJECT_VERSION = 1;
				INFOPLIST_FILE = Resources/AppConfiguration/Info.plist;
				LD_RUNPATH_SEARCH_PATHS = (
					"$(inherited)",
					"@executable_path/Frameworks",
				);
				MARKETING_VERSION = 1.0.0;
				PRODUCT_BUNDLE_IDENTIFIER = com.jsmdev.xi.bootcamp.mobile.ObjectRecognition;
				PRODUCT_NAME = "$(TARGET_NAME)";
				SWIFT_VERSION = 5.0;
				TARGETED_DEVICE_FAMILY = "1,2";
			};
			name = Debug;
		};
		907B6DF7262C9DCD00E2C697 /* Release */ = {
			isa = XCBuildConfiguration;
			buildSettings = {
				ASSETCATALOG_COMPILER_APPICON_NAME = AppIcon;
				ASSETCATALOG_COMPILER_GLOBAL_ACCENT_COLOR_NAME = AccentColor;
				CODE_SIGN_STYLE = Automatic;
				CURRENT_PROJECT_VERSION = 1;
				INFOPLIST_FILE = Resources/AppConfiguration/Info.plist;
				LD_RUNPATH_SEARCH_PATHS = (
					"$(inherited)",
					"@executable_path/Frameworks",
				);
				MARKETING_VERSION = 1.0.0;
				PRODUCT_BUNDLE_IDENTIFIER = com.jsmdev.xi.bootcamp.mobile.ObjectRecognition;
				PRODUCT_NAME = "$(TARGET_NAME)";
				SWIFT_VERSION = 5.0;
				TARGETED_DEVICE_FAMILY = "1,2";
			};
			name = Release;
		};
/* End XCBuildConfiguration section */

/* Begin XCConfigurationList section */
		907B6DDC262C9DCD00E2C697 /* Build configuration list for PBXProject "ObjectRecognition" */ = {
			isa = XCConfigurationList;
			buildConfigurations = (
				907B6DF3262C9DCD00E2C697 /* Debug */,
				907B6DF4262C9DCD00E2C697 /* Release */,
			);
			defaultConfigurationIsVisible = 0;
			defaultConfigurationName = Release;
		};
		907B6DF5262C9DCD00E2C697 /* Build configuration list for PBXNativeTarget "ObjectRecognition" */ = {
			isa = XCConfigurationList;
			buildConfigurations = (
				907B6DF6262C9DCD00E2C697 /* Debug */,
				907B6DF7262C9DCD00E2C697 /* Release */,
			);
			defaultConfigurationIsVisible = 0;
			defaultConfigurationName = Release;
		};
/* End XCConfigurationList section */
	};
	rootObject = 907B6DD9262C9DCD00E2C697 /* Project object */;
}
