// !$*UTF8*$!
{
	archiveVersion = 1;
	classes = {
	};
	objectVersion = 50;
	objects = {

/* Begin PBXBuildFile section */
		9005D192262D7C07006A415D /* CatalogueAndSearchViewController.xib in Resources */ = {isa = PBXBuildFile; fileRef = 9005D191262D7C07006A415D /* CatalogueAndSearchViewController.xib */; };
		9005D197262D7D8E006A415D /* ImageCell.swift in Sources */ = {isa = PBXBuildFile; fileRef = 9005D195262D7D8E006A415D /* ImageCell.swift */; };
		9005D198262D7D8E006A415D /* ImageCell.xib in Resources */ = {isa = PBXBuildFile; fileRef = 9005D196262D7D8E006A415D /* ImageCell.xib */; };
		907B6DE5262C9DCD00E2C697 /* AppDelegate.swift in Sources */ = {isa = PBXBuildFile; fileRef = 907B6DE4262C9DCD00E2C697 /* AppDelegate.swift */; };
		907B6DE7262C9DCD00E2C697 /* SceneDelegate.swift in Sources */ = {isa = PBXBuildFile; fileRef = 907B6DE6262C9DCD00E2C697 /* SceneDelegate.swift */; };
		907B6DE9262C9DCD00E2C697 /* CatalogueAndSearchViewController.swift in Sources */ = {isa = PBXBuildFile; fileRef = 907B6DE8262C9DCD00E2C697 /* CatalogueAndSearchViewController.swift */; };
		907B6DEE262C9DCD00E2C697 /* Assets.xcassets in Resources */ = {isa = PBXBuildFile; fileRef = 907B6DED262C9DCD00E2C697 /* Assets.xcassets */; };
		907B6DF1262C9DCD00E2C697 /* LaunchScreen.storyboard in Resources */ = {isa = PBXBuildFile; fileRef = 907B6DEF262C9DCD00E2C697 /* LaunchScreen.storyboard */; };
		907B6E0D262CA3B900E2C697 /* CatalogueAndSearchViewModel.swift in Sources */ = {isa = PBXBuildFile; fileRef = 907B6E0C262CA3B900E2C697 /* CatalogueAndSearchViewModel.swift */; };
		907B6E13262CACA300E2C697 /* ImageRepository.swift in Sources */ = {isa = PBXBuildFile; fileRef = 907B6E12262CACA300E2C697 /* ImageRepository.swift */; };
		907B6E16262CAD0C00E2C697 /* TestImageModel.swift in Sources */ = {isa = PBXBuildFile; fileRef = 907B6E15262CAD0C00E2C697 /* TestImageModel.swift */; };
		907B6E2D262CBA4000E2C697 /* ImageDetailViewModel.swift in Sources */ = {isa = PBXBuildFile; fileRef = 907B6E2C262CBA4000E2C697 /* ImageDetailViewModel.swift */; };
		907B6E30262CBA5E00E2C697 /* ImageDetailViewController.swift in Sources */ = {isa = PBXBuildFile; fileRef = 907B6E2F262CBA5E00E2C697 /* ImageDetailViewController.swift */; };
		907B6EA1262CBB7500E2C697 /* jsmdev-test-image-70.jpeg in Resources */ = {isa = PBXBuildFile; fileRef = 907B6E38262CBB7500E2C697 /* jsmdev-test-image-70.jpeg */; };
		907B6EA2262CBB7500E2C697 /* jsmdev-test-image-27.jpeg in Resources */ = {isa = PBXBuildFile; fileRef = 907B6E39262CBB7500E2C697 /* jsmdev-test-image-27.jpeg */; };
		907B6EA3262CBB7500E2C697 /* jsmdev-test-image-31.jpeg in Resources */ = {isa = PBXBuildFile; fileRef = 907B6E3A262CBB7500E2C697 /* jsmdev-test-image-31.jpeg */; };
		907B6EA4262CBB7500E2C697 /* jsmdev-test-image-89.jpeg in Resources */ = {isa = PBXBuildFile; fileRef = 907B6E3B262CBB7500E2C697 /* jsmdev-test-image-89.jpeg */; };
		907B6EA5262CBB7500E2C697 /* jsmdev-test-image-66.jpeg in Resources */ = {isa = PBXBuildFile; fileRef = 907B6E3C262CBB7500E2C697 /* jsmdev-test-image-66.jpeg */; };
		907B6EA6262CBB7500E2C697 /* jsmdev-test-image-93.jpeg in Resources */ = {isa = PBXBuildFile; fileRef = 907B6E3D262CBB7500E2C697 /* jsmdev-test-image-93.jpeg */; };
		907B6EA7262CBB7500E2C697 /* jsmdev-test-image-85.jpeg in Resources */ = {isa = PBXBuildFile; fileRef = 907B6E3E262CBB7500E2C697 /* jsmdev-test-image-85.jpeg */; };
		907B6EA8262CBB7500E2C697 /* jsmdev-test-image-11.jpeg in Resources */ = {isa = PBXBuildFile; fileRef = 907B6E3F262CBB7500E2C697 /* jsmdev-test-image-11.jpeg */; };
		907B6EA9262CBB7500E2C697 /* jsmdev-test-image-46.jpeg in Resources */ = {isa = PBXBuildFile; fileRef = 907B6E40262CBB7500E2C697 /* jsmdev-test-image-46.jpeg */; };
		907B6EAA262CBB7500E2C697 /* jsmdev-test-image-103.jpeg in Resources */ = {isa = PBXBuildFile; fileRef = 907B6E41262CBB7500E2C697 /* jsmdev-test-image-103.jpeg */; };
		907B6EAB262CBB7500E2C697 /* jsmdev-test-image-50.jpeg in Resources */ = {isa = PBXBuildFile; fileRef = 907B6E42262CBB7500E2C697 /* jsmdev-test-image-50.jpeg */; };
		907B6EAC262CBB7500E2C697 /* jsmdev-test-image-7.jpeg in Resources */ = {isa = PBXBuildFile; fileRef = 907B6E43262CBB7500E2C697 /* jsmdev-test-image-7.jpeg */; };
		907B6EAD262CBB7500E2C697 /* jsmdev-test-image-6.jpeg in Resources */ = {isa = PBXBuildFile; fileRef = 907B6E44262CBB7500E2C697 /* jsmdev-test-image-6.jpeg */; };
		907B6EAE262CBB7500E2C697 /* jsmdev-test-image-51.jpeg in Resources */ = {isa = PBXBuildFile; fileRef = 907B6E45262CBB7500E2C697 /* jsmdev-test-image-51.jpeg */; };
		907B6EAF262CBB7500E2C697 /* jsmdev-test-image-47.jpeg in Resources */ = {isa = PBXBuildFile; fileRef = 907B6E46262CBB7500E2C697 /* jsmdev-test-image-47.jpeg */; };
		907B6EB0262CBB7500E2C697 /* jsmdev-test-image-102.jpeg in Resources */ = {isa = PBXBuildFile; fileRef = 907B6E47262CBB7500E2C697 /* jsmdev-test-image-102.jpeg */; };
		907B6EB1262CBB7500E2C697 /* jsmdev-test-image-10.jpeg in Resources */ = {isa = PBXBuildFile; fileRef = 907B6E48262CBB7500E2C697 /* jsmdev-test-image-10.jpeg */; };
		907B6EB2262CBB7500E2C697 /* jsmdev-test-image-84.jpeg in Resources */ = {isa = PBXBuildFile; fileRef = 907B6E49262CBB7500E2C697 /* jsmdev-test-image-84.jpeg */; };
		907B6EB3262CBB7500E2C697 /* jsmdev-test-image-92.jpeg in Resources */ = {isa = PBXBuildFile; fileRef = 907B6E4A262CBB7500E2C697 /* jsmdev-test-image-92.jpeg */; };
		907B6EB4262CBB7500E2C697 /* jsmdev-test-image-88.jpeg in Resources */ = {isa = PBXBuildFile; fileRef = 907B6E4B262CBB7500E2C697 /* jsmdev-test-image-88.jpeg */; };
		907B6EB5262CBB7500E2C697 /* jsmdev-test-image-67.jpeg in Resources */ = {isa = PBXBuildFile; fileRef = 907B6E4C262CBB7500E2C697 /* jsmdev-test-image-67.jpeg */; };
		907B6EB6262CBB7500E2C697 /* jsmdev-test-image-30.jpeg in Resources */ = {isa = PBXBuildFile; fileRef = 907B6E4D262CBB7500E2C697 /* jsmdev-test-image-30.jpeg */; };
		907B6EB7262CBB7500E2C697 /* jsmdev-test-image-26.jpeg in Resources */ = {isa = PBXBuildFile; fileRef = 907B6E4E262CBB7500E2C697 /* jsmdev-test-image-26.jpeg */; };
		907B6EB8262CBB7500E2C697 /* jsmdev-test-image-71.jpeg in Resources */ = {isa = PBXBuildFile; fileRef = 907B6E4F262CBB7500E2C697 /* jsmdev-test-image-71.jpeg */; };
		907B6EB9262CBB7500E2C697 /* jsmdev-test-image-95.jpeg in Resources */ = {isa = PBXBuildFile; fileRef = 907B6E50262CBB7500E2C697 /* jsmdev-test-image-95.jpeg */; };
		907B6EBA262CBB7500E2C697 /* jsmdev-test-image-83.jpeg in Resources */ = {isa = PBXBuildFile; fileRef = 907B6E51262CBB7500E2C697 /* jsmdev-test-image-83.jpeg */; };
		907B6EBB262CBB7500E2C697 /* jsmdev-test-image-17.jpeg in Resources */ = {isa = PBXBuildFile; fileRef = 907B6E52262CBB7500E2C697 /* jsmdev-test-image-17.jpeg */; };
		907B6EBC262CBB7500E2C697 /* jsmdev-test-image-40.jpeg in Resources */ = {isa = PBXBuildFile; fileRef = 907B6E53262CBB7500E2C697 /* jsmdev-test-image-40.jpeg */; };
		907B6EBD262CBB7500E2C697 /* jsmdev-test-image-56.jpeg in Resources */ = {isa = PBXBuildFile; fileRef = 907B6E54262CBB7500E2C697 /* jsmdev-test-image-56.jpeg */; };
		907B6EBE262CBB7500E2C697 /* jsmdev-test-image-1.jpeg in Resources */ = {isa = PBXBuildFile; fileRef = 907B6E55262CBB7500E2C697 /* jsmdev-test-image-1.jpeg */; };
		907B6EBF262CBB7500E2C697 /* jsmdev-test-image-99.jpeg in Resources */ = {isa = PBXBuildFile; fileRef = 907B6E56262CBB7500E2C697 /* jsmdev-test-image-99.jpeg */; };
		907B6EC0262CBB7500E2C697 /* jsmdev-test-image-76.jpeg in Resources */ = {isa = PBXBuildFile; fileRef = 907B6E57262CBB7500E2C697 /* jsmdev-test-image-76.jpeg */; };
		907B6EC1262CBB7500E2C697 /* jsmdev-test-image-21.jpeg in Resources */ = {isa = PBXBuildFile; fileRef = 907B6E58262CBB7500E2C697 /* jsmdev-test-image-21.jpeg */; };
		907B6EC2262CBB7500E2C697 /* jsmdev-test-image-37.jpeg in Resources */ = {isa = PBXBuildFile; fileRef = 907B6E59262CBB7500E2C697 /* jsmdev-test-image-37.jpeg */; };
		907B6EC3262CBB7500E2C697 /* jsmdev-test-image-60.jpeg in Resources */ = {isa = PBXBuildFile; fileRef = 907B6E5A262CBB7500E2C697 /* jsmdev-test-image-60.jpeg */; };
		907B6EC4262CBB7500E2C697 /* jsmdev-test-image-61.jpeg in Resources */ = {isa = PBXBuildFile; fileRef = 907B6E5B262CBB7500E2C697 /* jsmdev-test-image-61.jpeg */; };
		907B6EC5262CBB7500E2C697 /* jsmdev-test-image-36.jpeg in Resources */ = {isa = PBXBuildFile; fileRef = 907B6E5C262CBB7500E2C697 /* jsmdev-test-image-36.jpeg */; };
		907B6EC6262CBB7500E2C697 /* jsmdev-test-image-20.jpeg in Resources */ = {isa = PBXBuildFile; fileRef = 907B6E5D262CBB7500E2C697 /* jsmdev-test-image-20.jpeg */; };
		907B6EC7262CBB7500E2C697 /* jsmdev-test-image-98.jpeg in Resources */ = {isa = PBXBuildFile; fileRef = 907B6E5E262CBB7500E2C697 /* jsmdev-test-image-98.jpeg */; };
		907B6EC8262CBB7500E2C697 /* jsmdev-test-image-77.jpeg in Resources */ = {isa = PBXBuildFile; fileRef = 907B6E5F262CBB7500E2C697 /* jsmdev-test-image-77.jpeg */; };
		907B6EC9262CBB7500E2C697 /* jsmdev-test-image-0.jpeg in Resources */ = {isa = PBXBuildFile; fileRef = 907B6E60262CBB7500E2C697 /* jsmdev-test-image-0.jpeg */; };
		907B6ECA262CBB7500E2C697 /* jsmdev-test-image-57.jpeg in Resources */ = {isa = PBXBuildFile; fileRef = 907B6E61262CBB7500E2C697 /* jsmdev-test-image-57.jpeg */; };
		907B6ECB262CBB7500E2C697 /* jsmdev-test-image-41.jpeg in Resources */ = {isa = PBXBuildFile; fileRef = 907B6E62262CBB7500E2C697 /* jsmdev-test-image-41.jpeg */; };
		907B6ECC262CBB7500E2C697 /* jsmdev-test-image-104.jpeg in Resources */ = {isa = PBXBuildFile; fileRef = 907B6E63262CBB7500E2C697 /* jsmdev-test-image-104.jpeg */; };
		907B6ECD262CBB7500E2C697 /* jsmdev-test-image-16.jpeg in Resources */ = {isa = PBXBuildFile; fileRef = 907B6E64262CBB7500E2C697 /* jsmdev-test-image-16.jpeg */; };
		907B6ECE262CBB7500E2C697 /* jsmdev-test-image-82.jpeg in Resources */ = {isa = PBXBuildFile; fileRef = 907B6E65262CBB7500E2C697 /* jsmdev-test-image-82.jpeg */; };
		907B6ECF262CBB7500E2C697 /* jsmdev-test-image-94.jpeg in Resources */ = {isa = PBXBuildFile; fileRef = 907B6E66262CBB7500E2C697 /* jsmdev-test-image-94.jpeg */; };
		907B6ED0262CBB7500E2C697 /* jsmdev-test-image-3.jpeg in Resources */ = {isa = PBXBuildFile; fileRef = 907B6E67262CBB7500E2C697 /* jsmdev-test-image-3.jpeg */; };
		907B6ED1262CBB7500E2C697 /* jsmdev-test-image-54.jpeg in Resources */ = {isa = PBXBuildFile; fileRef = 907B6E68262CBB7500E2C697 /* jsmdev-test-image-54.jpeg */; };
		907B6ED2262CBB7500E2C697 /* jsmdev-test-image-42.jpeg in Resources */ = {isa = PBXBuildFile; fileRef = 907B6E69262CBB7500E2C697 /* jsmdev-test-image-42.jpeg */; };
		907B6ED3262CBB7500E2C697 /* jsmdev-test-image-15.jpeg in Resources */ = {isa = PBXBuildFile; fileRef = 907B6E6A262CBB7500E2C697 /* jsmdev-test-image-15.jpeg */; };
		907B6ED4262CBB7500E2C697 /* jsmdev-test-image-81.jpeg in Resources */ = {isa = PBXBuildFile; fileRef = 907B6E6B262CBB7500E2C697 /* jsmdev-test-image-81.jpeg */; };
		907B6ED5262CBB7500E2C697 /* jsmdev-test-image-39.jpeg in Resources */ = {isa = PBXBuildFile; fileRef = 907B6E6C262CBB7500E2C697 /* jsmdev-test-image-39.jpeg */; };
		907B6ED6262CBB7500E2C697 /* jsmdev-test-image-78.jpeg in Resources */ = {isa = PBXBuildFile; fileRef = 907B6E6D262CBB7500E2C697 /* jsmdev-test-image-78.jpeg */; };
		907B6ED7262CBB7500E2C697 /* jsmdev-test-image-97.jpeg in Resources */ = {isa = PBXBuildFile; fileRef = 907B6E6E262CBB7500E2C697 /* jsmdev-test-image-97.jpeg */; };
		907B6ED8262CBB7500E2C697 /* jsmdev-test-image-58.jpeg in Resources */ = {isa = PBXBuildFile; fileRef = 907B6E6F262CBB7500E2C697 /* jsmdev-test-image-58.jpeg */; };
		907B6ED9262CBB7500E2C697 /* jsmdev-test-image-19.jpeg in Resources */ = {isa = PBXBuildFile; fileRef = 907B6E70262CBB7500E2C697 /* jsmdev-test-image-19.jpeg */; };
		907B6EDA262CBB7500E2C697 /* jsmdev-test-image-62.jpeg in Resources */ = {isa = PBXBuildFile; fileRef = 907B6E71262CBB7500E2C697 /* jsmdev-test-image-62.jpeg */; };
		907B6EDB262CBB7500E2C697 /* jsmdev-test-image-35.jpeg in Resources */ = {isa = PBXBuildFile; fileRef = 907B6E72262CBB7500E2C697 /* jsmdev-test-image-35.jpeg */; };
		907B6EDC262CBB7500E2C697 /* jsmdev-test-image-23.jpeg in Resources */ = {isa = PBXBuildFile; fileRef = 907B6E73262CBB7500E2C697 /* jsmdev-test-image-23.jpeg */; };
		907B6EDD262CBB7500E2C697 /* jsmdev-test-image-74.jpeg in Resources */ = {isa = PBXBuildFile; fileRef = 907B6E74262CBB7500E2C697 /* jsmdev-test-image-74.jpeg */; };
		907B6EDE262CBB7500E2C697 /* jsmdev-test-image-75.jpeg in Resources */ = {isa = PBXBuildFile; fileRef = 907B6E75262CBB7500E2C697 /* jsmdev-test-image-75.jpeg */; };
		907B6EDF262CBB7500E2C697 /* jsmdev-test-image-22.jpeg in Resources */ = {isa = PBXBuildFile; fileRef = 907B6E76262CBB7500E2C697 /* jsmdev-test-image-22.jpeg */; };
		907B6EE0262CBB7500E2C697 /* jsmdev-test-image-34.jpeg in Resources */ = {isa = PBXBuildFile; fileRef = 907B6E77262CBB7500E2C697 /* jsmdev-test-image-34.jpeg */; };
		907B6EE1262CBB7500E2C697 /* jsmdev-test-image-63.jpeg in Resources */ = {isa = PBXBuildFile; fileRef = 907B6E78262CBB7500E2C697 /* jsmdev-test-image-63.jpeg */; };
		907B6EE2262CBB7500E2C697 /* jsmdev-test-image-18.jpeg in Resources */ = {isa = PBXBuildFile; fileRef = 907B6E79262CBB7500E2C697 /* jsmdev-test-image-18.jpeg */; };
		907B6EE3262CBB7500E2C697 /* jsmdev-test-image-59.jpeg in Resources */ = {isa = PBXBuildFile; fileRef = 907B6E7A262CBB7500E2C697 /* jsmdev-test-image-59.jpeg */; };
		907B6EE4262CBB7500E2C697 /* jsmdev-test-image-79.jpeg in Resources */ = {isa = PBXBuildFile; fileRef = 907B6E7B262CBB7500E2C697 /* jsmdev-test-image-79.jpeg */; };
		907B6EE5262CBB7500E2C697 /* jsmdev-test-image-96.jpeg in Resources */ = {isa = PBXBuildFile; fileRef = 907B6E7C262CBB7500E2C697 /* jsmdev-test-image-96.jpeg */; };
		907B6EE6262CBB7500E2C697 /* jsmdev-test-image-38.jpeg in Resources */ = {isa = PBXBuildFile; fileRef = 907B6E7D262CBB7500E2C697 /* jsmdev-test-image-38.jpeg */; };
		907B6EE7262CBB7500E2C697 /* jsmdev-test-image-80.jpeg in Resources */ = {isa = PBXBuildFile; fileRef = 907B6E7E262CBB7500E2C697 /* jsmdev-test-image-80.jpeg */; };
		907B6EE8262CBB7500E2C697 /* jsmdev-test-image-14.jpeg in Resources */ = {isa = PBXBuildFile; fileRef = 907B6E7F262CBB7500E2C697 /* jsmdev-test-image-14.jpeg */; };
		907B6EE9262CBB7500E2C697 /* jsmdev-test-image-43.jpeg in Resources */ = {isa = PBXBuildFile; fileRef = 907B6E80262CBB7500E2C697 /* jsmdev-test-image-43.jpeg */; };
		907B6EEA262CBB7500E2C697 /* jsmdev-test-image-55.jpeg in Resources */ = {isa = PBXBuildFile; fileRef = 907B6E81262CBB7500E2C697 /* jsmdev-test-image-55.jpeg */; };
		907B6EEB262CBB7500E2C697 /* jsmdev-test-image-2.jpeg in Resources */ = {isa = PBXBuildFile; fileRef = 907B6E82262CBB7500E2C697 /* jsmdev-test-image-2.jpeg */; };
		907B6EEC262CBB7500E2C697 /* jsmdev-test-image-9.jpeg in Resources */ = {isa = PBXBuildFile; fileRef = 907B6E83262CBB7500E2C697 /* jsmdev-test-image-9.jpeg */; };
		907B6EED262CBB7500E2C697 /* jsmdev-test-image-48.jpeg in Resources */ = {isa = PBXBuildFile; fileRef = 907B6E84262CBB7500E2C697 /* jsmdev-test-image-48.jpeg */; };
		907B6EEE262CBB7500E2C697 /* jsmdev-test-image-64.jpeg in Resources */ = {isa = PBXBuildFile; fileRef = 907B6E85262CBB7500E2C697 /* jsmdev-test-image-64.jpeg */; };
		907B6EEF262CBB7500E2C697 /* jsmdev-test-image-33.jpeg in Resources */ = {isa = PBXBuildFile; fileRef = 907B6E86262CBB7500E2C697 /* jsmdev-test-image-33.jpeg */; };
		907B6EF0262CBB7500E2C697 /* jsmdev-test-image-25.jpeg in Resources */ = {isa = PBXBuildFile; fileRef = 907B6E87262CBB7500E2C697 /* jsmdev-test-image-25.jpeg */; };
		907B6EF1262CBB7500E2C697 /* jsmdev-test-image-72.jpeg in Resources */ = {isa = PBXBuildFile; fileRef = 907B6E88262CBB7500E2C697 /* jsmdev-test-image-72.jpeg */; };
		907B6EF2262CBB7500E2C697 /* jsmdev-test-image-5.jpeg in Resources */ = {isa = PBXBuildFile; fileRef = 907B6E89262CBB7500E2C697 /* jsmdev-test-image-5.jpeg */; };
		907B6EF3262CBB7500E2C697 /* jsmdev-test-image-52.jpeg in Resources */ = {isa = PBXBuildFile; fileRef = 907B6E8A262CBB7500E2C697 /* jsmdev-test-image-52.jpeg */; };
		907B6EF4262CBB7500E2C697 /* jsmdev-test-image-101.jpeg in Resources */ = {isa = PBXBuildFile; fileRef = 907B6E8B262CBB7500E2C697 /* jsmdev-test-image-101.jpeg */; };
		907B6EF5262CBB7500E2C697 /* jsmdev-test-image-44.jpeg in Resources */ = {isa = PBXBuildFile; fileRef = 907B6E8C262CBB7500E2C697 /* jsmdev-test-image-44.jpeg */; };
		907B6EF6262CBB7500E2C697 /* jsmdev-test-image-13.jpeg in Resources */ = {isa = PBXBuildFile; fileRef = 907B6E8D262CBB7500E2C697 /* jsmdev-test-image-13.jpeg */; };
		907B6EF7262CBB7500E2C697 /* jsmdev-test-image-68.jpeg in Resources */ = {isa = PBXBuildFile; fileRef = 907B6E8E262CBB7500E2C697 /* jsmdev-test-image-68.jpeg */; };
		907B6EF8262CBB7500E2C697 /* jsmdev-test-image-87.jpeg in Resources */ = {isa = PBXBuildFile; fileRef = 907B6E8F262CBB7500E2C697 /* jsmdev-test-image-87.jpeg */; };
		907B6EF9262CBB7500E2C697 /* jsmdev-test-image-29.jpeg in Resources */ = {isa = PBXBuildFile; fileRef = 907B6E90262CBB7500E2C697 /* jsmdev-test-image-29.jpeg */; };
		907B6EFA262CBB7500E2C697 /* jsmdev-test-image-91.jpeg in Resources */ = {isa = PBXBuildFile; fileRef = 907B6E91262CBB7500E2C697 /* jsmdev-test-image-91.jpeg */; };
		907B6EFB262CBB7500E2C697 /* jsmdev-test-image-90.jpeg in Resources */ = {isa = PBXBuildFile; fileRef = 907B6E92262CBB7500E2C697 /* jsmdev-test-image-90.jpeg */; };
		907B6EFC262CBB7500E2C697 /* jsmdev-test-image-28.jpeg in Resources */ = {isa = PBXBuildFile; fileRef = 907B6E93262CBB7500E2C697 /* jsmdev-test-image-28.jpeg */; };
		907B6EFD262CBB7500E2C697 /* jsmdev-test-image-69.jpeg in Resources */ = {isa = PBXBuildFile; fileRef = 907B6E94262CBB7500E2C697 /* jsmdev-test-image-69.jpeg */; };
		907B6EFE262CBB7500E2C697 /* jsmdev-test-image-86.jpeg in Resources */ = {isa = PBXBuildFile; fileRef = 907B6E95262CBB7500E2C697 /* jsmdev-test-image-86.jpeg */; };
		907B6EFF262CBB7500E2C697 /* jsmdev-test-image-12.jpeg in Resources */ = {isa = PBXBuildFile; fileRef = 907B6E96262CBB7500E2C697 /* jsmdev-test-image-12.jpeg */; };
		907B6F00262CBB7500E2C697 /* jsmdev-test-image-100.jpeg in Resources */ = {isa = PBXBuildFile; fileRef = 907B6E97262CBB7500E2C697 /* jsmdev-test-image-100.jpeg */; };
		907B6F01262CBB7500E2C697 /* jsmdev-test-image-45.jpeg in Resources */ = {isa = PBXBuildFile; fileRef = 907B6E98262CBB7500E2C697 /* jsmdev-test-image-45.jpeg */; };
		907B6F02262CBB7500E2C697 /* jsmdev-test-image-53.jpeg in Resources */ = {isa = PBXBuildFile; fileRef = 907B6E99262CBB7500E2C697 /* jsmdev-test-image-53.jpeg */; };
		907B6F03262CBB7500E2C697 /* jsmdev-test-image-4.jpeg in Resources */ = {isa = PBXBuildFile; fileRef = 907B6E9A262CBB7500E2C697 /* jsmdev-test-image-4.jpeg */; };
		907B6F04262CBB7500E2C697 /* jsmdev-test-image-73.jpeg in Resources */ = {isa = PBXBuildFile; fileRef = 907B6E9B262CBB7500E2C697 /* jsmdev-test-image-73.jpeg */; };
		907B6F05262CBB7500E2C697 /* jsmdev-test-image-24.jpeg in Resources */ = {isa = PBXBuildFile; fileRef = 907B6E9C262CBB7500E2C697 /* jsmdev-test-image-24.jpeg */; };
		907B6F06262CBB7500E2C697 /* jsmdev-test-image-32.jpeg in Resources */ = {isa = PBXBuildFile; fileRef = 907B6E9D262CBB7500E2C697 /* jsmdev-test-image-32.jpeg */; };
		907B6F07262CBB7500E2C697 /* jsmdev-test-image-65.jpeg in Resources */ = {isa = PBXBuildFile; fileRef = 907B6E9E262CBB7500E2C697 /* jsmdev-test-image-65.jpeg */; };
		907B6F08262CBB7500E2C697 /* jsmdev-test-image-49.jpeg in Resources */ = {isa = PBXBuildFile; fileRef = 907B6E9F262CBB7500E2C697 /* jsmdev-test-image-49.jpeg */; };
		907B6F09262CBB7500E2C697 /* jsmdev-test-image-8.jpeg in Resources */ = {isa = PBXBuildFile; fileRef = 907B6EA0262CBB7500E2C697 /* jsmdev-test-image-8.jpeg */; };
		907B6F0D262CBF0500E2C697 /* ImageCellViewModel.swift in Sources */ = {isa = PBXBuildFile; fileRef = 907B6F0C262CBF0500E2C697 /* ImageCellViewModel.swift */; };
		90859113262D98F500396B07 /* YOLO.mlmodel in Sources */ = {isa = PBXBuildFile; fileRef = 90859112262D98F500396B07 /* YOLO.mlmodel */; };
		90859116262D9CB900396B07 /* ImageDetailViewController.xib in Resources */ = {isa = PBXBuildFile; fileRef = 90859115262D9CB900396B07 /* ImageDetailViewController.xib */; };
		90DDD2BC262DE2E500EFFF31 /* LoadingViewController.swift in Sources */ = {isa = PBXBuildFile; fileRef = 90DDD2BA262DE2E500EFFF31 /* LoadingViewController.swift */; };
		90DDD2BD262DE2E500EFFF31 /* LoadingViewController.xib in Resources */ = {isa = PBXBuildFile; fileRef = 90DDD2BB262DE2E500EFFF31 /* LoadingViewController.xib */; };
/* End PBXBuildFile section */

/* Begin PBXFileReference section */
		9005D191262D7C07006A415D /* CatalogueAndSearchViewController.xib */ = {isa = PBXFileReference; lastKnownFileType = file.xib; path = CatalogueAndSearchViewController.xib; sourceTree = "<group>"; };
		9005D195262D7D8E006A415D /* ImageCell.swift */ = {isa = PBXFileReference; lastKnownFileType = sourcecode.swift; path = ImageCell.swift; sourceTree = "<group>"; };
		9005D196262D7D8E006A415D /* ImageCell.xib */ = {isa = PBXFileReference; lastKnownFileType = file.xib; path = ImageCell.xib; sourceTree = "<group>"; };
		907B6DE1262C9DCD00E2C697 /* ObjectRecognition.app */ = {isa = PBXFileReference; explicitFileType = wrapper.application; includeInIndex = 0; path = ObjectRecognition.app; sourceTree = BUILT_PRODUCTS_DIR; };
		907B6DE4262C9DCD00E2C697 /* AppDelegate.swift */ = {isa = PBXFileReference; lastKnownFileType = sourcecode.swift; path = AppDelegate.swift; sourceTree = "<group>"; };
		907B6DE6262C9DCD00E2C697 /* SceneDelegate.swift */ = {isa = PBXFileReference; lastKnownFileType = sourcecode.swift; path = SceneDelegate.swift; sourceTree = "<group>"; };
		907B6DE8262C9DCD00E2C697 /* CatalogueAndSearchViewController.swift */ = {isa = PBXFileReference; lastKnownFileType = sourcecode.swift; path = CatalogueAndSearchViewController.swift; sourceTree = "<group>"; };
		907B6DED262C9DCD00E2C697 /* Assets.xcassets */ = {isa = PBXFileReference; lastKnownFileType = folder.assetcatalog; path = Assets.xcassets; sourceTree = "<group>"; };
		907B6DF0262C9DCD00E2C697 /* Base */ = {isa = PBXFileReference; lastKnownFileType = file.storyboard; name = Base; path = Base.lproj/LaunchScreen.storyboard; sourceTree = "<group>"; };
		907B6DF2262C9DCD00E2C697 /* Info.plist */ = {isa = PBXFileReference; lastKnownFileType = text.plist.xml; path = Info.plist; sourceTree = "<group>"; };
		907B6E0C262CA3B900E2C697 /* CatalogueAndSearchViewModel.swift */ = {isa = PBXFileReference; lastKnownFileType = sourcecode.swift; path = CatalogueAndSearchViewModel.swift; sourceTree = "<group>"; };
		907B6E12262CACA300E2C697 /* ImageRepository.swift */ = {isa = PBXFileReference; lastKnownFileType = sourcecode.swift; path = ImageRepository.swift; sourceTree = "<group>"; };
		907B6E15262CAD0C00E2C697 /* TestImageModel.swift */ = {isa = PBXFileReference; lastKnownFileType = sourcecode.swift; path = TestImageModel.swift; sourceTree = "<group>"; };
		907B6E2C262CBA4000E2C697 /* ImageDetailViewModel.swift */ = {isa = PBXFileReference; lastKnownFileType = sourcecode.swift; path = ImageDetailViewModel.swift; sourceTree = "<group>"; };
		907B6E2F262CBA5E00E2C697 /* ImageDetailViewController.swift */ = {isa = PBXFileReference; lastKnownFileType = sourcecode.swift; path = ImageDetailViewController.swift; sourceTree = "<group>"; };
		907B6E38262CBB7500E2C697 /* jsmdev-test-image-70.jpeg */ = {isa = PBXFileReference; lastKnownFileType = image.jpeg; path = "jsmdev-test-image-70.jpeg"; sourceTree = "<group>"; };
		907B6E39262CBB7500E2C697 /* jsmdev-test-image-27.jpeg */ = {isa = PBXFileReference; lastKnownFileType = image.jpeg; path = "jsmdev-test-image-27.jpeg"; sourceTree = "<group>"; };
		907B6E3A262CBB7500E2C697 /* jsmdev-test-image-31.jpeg */ = {isa = PBXFileReference; lastKnownFileType = image.jpeg; path = "jsmdev-test-image-31.jpeg"; sourceTree = "<group>"; };
		907B6E3B262CBB7500E2C697 /* jsmdev-test-image-89.jpeg */ = {isa = PBXFileReference; lastKnownFileType = image.jpeg; path = "jsmdev-test-image-89.jpeg"; sourceTree = "<group>"; };
		907B6E3C262CBB7500E2C697 /* jsmdev-test-image-66.jpeg */ = {isa = PBXFileReference; lastKnownFileType = image.jpeg; path = "jsmdev-test-image-66.jpeg"; sourceTree = "<group>"; };
		907B6E3D262CBB7500E2C697 /* jsmdev-test-image-93.jpeg */ = {isa = PBXFileReference; lastKnownFileType = image.jpeg; path = "jsmdev-test-image-93.jpeg"; sourceTree = "<group>"; };
		907B6E3E262CBB7500E2C697 /* jsmdev-test-image-85.jpeg */ = {isa = PBXFileReference; lastKnownFileType = image.jpeg; path = "jsmdev-test-image-85.jpeg"; sourceTree = "<group>"; };
		907B6E3F262CBB7500E2C697 /* jsmdev-test-image-11.jpeg */ = {isa = PBXFileReference; lastKnownFileType = image.jpeg; path = "jsmdev-test-image-11.jpeg"; sourceTree = "<group>"; };
		907B6E40262CBB7500E2C697 /* jsmdev-test-image-46.jpeg */ = {isa = PBXFileReference; lastKnownFileType = image.jpeg; path = "jsmdev-test-image-46.jpeg"; sourceTree = "<group>"; };
		907B6E41262CBB7500E2C697 /* jsmdev-test-image-103.jpeg */ = {isa = PBXFileReference; lastKnownFileType = image.jpeg; path = "jsmdev-test-image-103.jpeg"; sourceTree = "<group>"; };
		907B6E42262CBB7500E2C697 /* jsmdev-test-image-50.jpeg */ = {isa = PBXFileReference; lastKnownFileType = image.jpeg; path = "jsmdev-test-image-50.jpeg"; sourceTree = "<group>"; };
		907B6E43262CBB7500E2C697 /* jsmdev-test-image-7.jpeg */ = {isa = PBXFileReference; lastKnownFileType = image.jpeg; path = "jsmdev-test-image-7.jpeg"; sourceTree = "<group>"; };
		907B6E44262CBB7500E2C697 /* jsmdev-test-image-6.jpeg */ = {isa = PBXFileReference; lastKnownFileType = image.jpeg; path = "jsmdev-test-image-6.jpeg"; sourceTree = "<group>"; };
		907B6E45262CBB7500E2C697 /* jsmdev-test-image-51.jpeg */ = {isa = PBXFileReference; lastKnownFileType = image.jpeg; path = "jsmdev-test-image-51.jpeg"; sourceTree = "<group>"; };
		907B6E46262CBB7500E2C697 /* jsmdev-test-image-47.jpeg */ = {isa = PBXFileReference; lastKnownFileType = image.jpeg; path = "jsmdev-test-image-47.jpeg"; sourceTree = "<group>"; };
		907B6E47262CBB7500E2C697 /* jsmdev-test-image-102.jpeg */ = {isa = PBXFileReference; lastKnownFileType = image.jpeg; path = "jsmdev-test-image-102.jpeg"; sourceTree = "<group>"; };
		907B6E48262CBB7500E2C697 /* jsmdev-test-image-10.jpeg */ = {isa = PBXFileReference; lastKnownFileType = image.jpeg; path = "jsmdev-test-image-10.jpeg"; sourceTree = "<group>"; };
		907B6E49262CBB7500E2C697 /* jsmdev-test-image-84.jpeg */ = {isa = PBXFileReference; lastKnownFileType = image.jpeg; path = "jsmdev-test-image-84.jpeg"; sourceTree = "<group>"; };
		907B6E4A262CBB7500E2C697 /* jsmdev-test-image-92.jpeg */ = {isa = PBXFileReference; lastKnownFileType = image.jpeg; path = "jsmdev-test-image-92.jpeg"; sourceTree = "<group>"; };
		907B6E4B262CBB7500E2C697 /* jsmdev-test-image-88.jpeg */ = {isa = PBXFileReference; lastKnownFileType = image.jpeg; path = "jsmdev-test-image-88.jpeg"; sourceTree = "<group>"; };
		907B6E4C262CBB7500E2C697 /* jsmdev-test-image-67.jpeg */ = {isa = PBXFileReference; lastKnownFileType = image.jpeg; path = "jsmdev-test-image-67.jpeg"; sourceTree = "<group>"; };
		907B6E4D262CBB7500E2C697 /* jsmdev-test-image-30.jpeg */ = {isa = PBXFileReference; lastKnownFileType = image.jpeg; path = "jsmdev-test-image-30.jpeg"; sourceTree = "<group>"; };
		907B6E4E262CBB7500E2C697 /* jsmdev-test-image-26.jpeg */ = {isa = PBXFileReference; lastKnownFileType = image.jpeg; path = "jsmdev-test-image-26.jpeg"; sourceTree = "<group>"; };
		907B6E4F262CBB7500E2C697 /* jsmdev-test-image-71.jpeg */ = {isa = PBXFileReference; lastKnownFileType = image.jpeg; path = "jsmdev-test-image-71.jpeg"; sourceTree = "<group>"; };
		907B6E50262CBB7500E2C697 /* jsmdev-test-image-95.jpeg */ = {isa = PBXFileReference; lastKnownFileType = image.jpeg; path = "jsmdev-test-image-95.jpeg"; sourceTree = "<group>"; };
		907B6E51262CBB7500E2C697 /* jsmdev-test-image-83.jpeg */ = {isa = PBXFileReference; lastKnownFileType = image.jpeg; path = "jsmdev-test-image-83.jpeg"; sourceTree = "<group>"; };
		907B6E52262CBB7500E2C697 /* jsmdev-test-image-17.jpeg */ = {isa = PBXFileReference; lastKnownFileType = image.jpeg; path = "jsmdev-test-image-17.jpeg"; sourceTree = "<group>"; };
		907B6E53262CBB7500E2C697 /* jsmdev-test-image-40.jpeg */ = {isa = PBXFileReference; lastKnownFileType = image.jpeg; path = "jsmdev-test-image-40.jpeg"; sourceTree = "<group>"; };
		907B6E54262CBB7500E2C697 /* jsmdev-test-image-56.jpeg */ = {isa = PBXFileReference; lastKnownFileType = image.jpeg; path = "jsmdev-test-image-56.jpeg"; sourceTree = "<group>"; };
		907B6E55262CBB7500E2C697 /* jsmdev-test-image-1.jpeg */ = {isa = PBXFileReference; lastKnownFileType = image.jpeg; path = "jsmdev-test-image-1.jpeg"; sourceTree = "<group>"; };
		907B6E56262CBB7500E2C697 /* jsmdev-test-image-99.jpeg */ = {isa = PBXFileReference; lastKnownFileType = image.jpeg; path = "jsmdev-test-image-99.jpeg"; sourceTree = "<group>"; };
		907B6E57262CBB7500E2C697 /* jsmdev-test-image-76.jpeg */ = {isa = PBXFileReference; lastKnownFileType = image.jpeg; path = "jsmdev-test-image-76.jpeg"; sourceTree = "<group>"; };
		907B6E58262CBB7500E2C697 /* jsmdev-test-image-21.jpeg */ = {isa = PBXFileReference; lastKnownFileType = image.jpeg; path = "jsmdev-test-image-21.jpeg"; sourceTree = "<group>"; };
		907B6E59262CBB7500E2C697 /* jsmdev-test-image-37.jpeg */ = {isa = PBXFileReference; lastKnownFileType = image.jpeg; path = "jsmdev-test-image-37.jpeg"; sourceTree = "<group>"; };
		907B6E5A262CBB7500E2C697 /* jsmdev-test-image-60.jpeg */ = {isa = PBXFileReference; lastKnownFileType = image.jpeg; path = "jsmdev-test-image-60.jpeg"; sourceTree = "<group>"; };
		907B6E5B262CBB7500E2C697 /* jsmdev-test-image-61.jpeg */ = {isa = PBXFileReference; lastKnownFileType = image.jpeg; path = "jsmdev-test-image-61.jpeg"; sourceTree = "<group>"; };
		907B6E5C262CBB7500E2C697 /* jsmdev-test-image-36.jpeg */ = {isa = PBXFileReference; lastKnownFileType = image.jpeg; path = "jsmdev-test-image-36.jpeg"; sourceTree = "<group>"; };
		907B6E5D262CBB7500E2C697 /* jsmdev-test-image-20.jpeg */ = {isa = PBXFileReference; lastKnownFileType = image.jpeg; path = "jsmdev-test-image-20.jpeg"; sourceTree = "<group>"; };
		907B6E5E262CBB7500E2C697 /* jsmdev-test-image-98.jpeg */ = {isa = PBXFileReference; lastKnownFileType = image.jpeg; path = "jsmdev-test-image-98.jpeg"; sourceTree = "<group>"; };
		907B6E5F262CBB7500E2C697 /* jsmdev-test-image-77.jpeg */ = {isa = PBXFileReference; lastKnownFileType = image.jpeg; path = "jsmdev-test-image-77.jpeg"; sourceTree = "<group>"; };
		907B6E60262CBB7500E2C697 /* jsmdev-test-image-0.jpeg */ = {isa = PBXFileReference; lastKnownFileType = image.jpeg; path = "jsmdev-test-image-0.jpeg"; sourceTree = "<group>"; };
		907B6E61262CBB7500E2C697 /* jsmdev-test-image-57.jpeg */ = {isa = PBXFileReference; lastKnownFileType = image.jpeg; path = "jsmdev-test-image-57.jpeg"; sourceTree = "<group>"; };
		907B6E62262CBB7500E2C697 /* jsmdev-test-image-41.jpeg */ = {isa = PBXFileReference; lastKnownFileType = image.jpeg; path = "jsmdev-test-image-41.jpeg"; sourceTree = "<group>"; };
		907B6E63262CBB7500E2C697 /* jsmdev-test-image-104.jpeg */ = {isa = PBXFileReference; lastKnownFileType = image.jpeg; path = "jsmdev-test-image-104.jpeg"; sourceTree = "<group>"; };
		907B6E64262CBB7500E2C697 /* jsmdev-test-image-16.jpeg */ = {isa = PBXFileReference; lastKnownFileType = image.jpeg; path = "jsmdev-test-image-16.jpeg"; sourceTree = "<group>"; };
		907B6E65262CBB7500E2C697 /* jsmdev-test-image-82.jpeg */ = {isa = PBXFileReference; lastKnownFileType = image.jpeg; path = "jsmdev-test-image-82.jpeg"; sourceTree = "<group>"; };
		907B6E66262CBB7500E2C697 /* jsmdev-test-image-94.jpeg */ = {isa = PBXFileReference; lastKnownFileType = image.jpeg; path = "jsmdev-test-image-94.jpeg"; sourceTree = "<group>"; };
		907B6E67262CBB7500E2C697 /* jsmdev-test-image-3.jpeg */ = {isa = PBXFileReference; lastKnownFileType = image.jpeg; path = "jsmdev-test-image-3.jpeg"; sourceTree = "<group>"; };
		907B6E68262CBB7500E2C697 /* jsmdev-test-image-54.jpeg */ = {isa = PBXFileReference; lastKnownFileType = image.jpeg; path = "jsmdev-test-image-54.jpeg"; sourceTree = "<group>"; };
		907B6E69262CBB7500E2C697 /* jsmdev-test-image-42.jpeg */ = {isa = PBXFileReference; lastKnownFileType = image.jpeg; path = "jsmdev-test-image-42.jpeg"; sourceTree = "<group>"; };
		907B6E6A262CBB7500E2C697 /* jsmdev-test-image-15.jpeg */ = {isa = PBXFileReference; lastKnownFileType = image.jpeg; path = "jsmdev-test-image-15.jpeg"; sourceTree = "<group>"; };
		907B6E6B262CBB7500E2C697 /* jsmdev-test-image-81.jpeg */ = {isa = PBXFileReference; lastKnownFileType = image.jpeg; path = "jsmdev-test-image-81.jpeg"; sourceTree = "<group>"; };
		907B6E6C262CBB7500E2C697 /* jsmdev-test-image-39.jpeg */ = {isa = PBXFileReference; lastKnownFileType = image.jpeg; path = "jsmdev-test-image-39.jpeg"; sourceTree = "<group>"; };
		907B6E6D262CBB7500E2C697 /* jsmdev-test-image-78.jpeg */ = {isa = PBXFileReference; lastKnownFileType = image.jpeg; path = "jsmdev-test-image-78.jpeg"; sourceTree = "<group>"; };
		907B6E6E262CBB7500E2C697 /* jsmdev-test-image-97.jpeg */ = {isa = PBXFileReference; lastKnownFileType = image.jpeg; path = "jsmdev-test-image-97.jpeg"; sourceTree = "<group>"; };
		907B6E6F262CBB7500E2C697 /* jsmdev-test-image-58.jpeg */ = {isa = PBXFileReference; lastKnownFileType = image.jpeg; path = "jsmdev-test-image-58.jpeg"; sourceTree = "<group>"; };
		907B6E70262CBB7500E2C697 /* jsmdev-test-image-19.jpeg */ = {isa = PBXFileReference; lastKnownFileType = image.jpeg; path = "jsmdev-test-image-19.jpeg"; sourceTree = "<group>"; };
		907B6E71262CBB7500E2C697 /* jsmdev-test-image-62.jpeg */ = {isa = PBXFileReference; lastKnownFileType = image.jpeg; path = "jsmdev-test-image-62.jpeg"; sourceTree = "<group>"; };
		907B6E72262CBB7500E2C697 /* jsmdev-test-image-35.jpeg */ = {isa = PBXFileReference; lastKnownFileType = image.jpeg; path = "jsmdev-test-image-35.jpeg"; sourceTree = "<group>"; };
		907B6E73262CBB7500E2C697 /* jsmdev-test-image-23.jpeg */ = {isa = PBXFileReference; lastKnownFileType = image.jpeg; path = "jsmdev-test-image-23.jpeg"; sourceTree = "<group>"; };
		907B6E74262CBB7500E2C697 /* jsmdev-test-image-74.jpeg */ = {isa = PBXFileReference; lastKnownFileType = image.jpeg; path = "jsmdev-test-image-74.jpeg"; sourceTree = "<group>"; };
		907B6E75262CBB7500E2C697 /* jsmdev-test-image-75.jpeg */ = {isa = PBXFileReference; lastKnownFileType = image.jpeg; path = "jsmdev-test-image-75.jpeg"; sourceTree = "<group>"; };
		907B6E76262CBB7500E2C697 /* jsmdev-test-image-22.jpeg */ = {isa = PBXFileReference; lastKnownFileType = image.jpeg; path = "jsmdev-test-image-22.jpeg"; sourceTree = "<group>"; };
		907B6E77262CBB7500E2C697 /* jsmdev-test-image-34.jpeg */ = {isa = PBXFileReference; lastKnownFileType = image.jpeg; path = "jsmdev-test-image-34.jpeg"; sourceTree = "<group>"; };
		907B6E78262CBB7500E2C697 /* jsmdev-test-image-63.jpeg */ = {isa = PBXFileReference; lastKnownFileType = image.jpeg; path = "jsmdev-test-image-63.jpeg"; sourceTree = "<group>"; };
		907B6E79262CBB7500E2C697 /* jsmdev-test-image-18.jpeg */ = {isa = PBXFileReference; lastKnownFileType = image.jpeg; path = "jsmdev-test-image-18.jpeg"; sourceTree = "<group>"; };
		907B6E7A262CBB7500E2C697 /* jsmdev-test-image-59.jpeg */ = {isa = PBXFileReference; lastKnownFileType = image.jpeg; path = "jsmdev-test-image-59.jpeg"; sourceTree = "<group>"; };
		907B6E7B262CBB7500E2C697 /* jsmdev-test-image-79.jpeg */ = {isa = PBXFileReference; lastKnownFileType = image.jpeg; path = "jsmdev-test-image-79.jpeg"; sourceTree = "<group>"; };
		907B6E7C262CBB7500E2C697 /* jsmdev-test-image-96.jpeg */ = {isa = PBXFileReference; lastKnownFileType = image.jpeg; path = "jsmdev-test-image-96.jpeg"; sourceTree = "<group>"; };
		907B6E7D262CBB7500E2C697 /* jsmdev-test-image-38.jpeg */ = {isa = PBXFileReference; lastKnownFileType = image.jpeg; path = "jsmdev-test-image-38.jpeg"; sourceTree = "<group>"; };
		907B6E7E262CBB7500E2C697 /* jsmdev-test-image-80.jpeg */ = {isa = PBXFileReference; lastKnownFileType = image.jpeg; path = "jsmdev-test-image-80.jpeg"; sourceTree = "<group>"; };
		907B6E7F262CBB7500E2C697 /* jsmdev-test-image-14.jpeg */ = {isa = PBXFileReference; lastKnownFileType = image.jpeg; path = "jsmdev-test-image-14.jpeg"; sourceTree = "<group>"; };
		907B6E80262CBB7500E2C697 /* jsmdev-test-image-43.jpeg */ = {isa = PBXFileReference; lastKnownFileType = image.jpeg; path = "jsmdev-test-image-43.jpeg"; sourceTree = "<group>"; };
		907B6E81262CBB7500E2C697 /* jsmdev-test-image-55.jpeg */ = {isa = PBXFileReference; lastKnownFileType = image.jpeg; path = "jsmdev-test-image-55.jpeg"; sourceTree = "<group>"; };
		907B6E82262CBB7500E2C697 /* jsmdev-test-image-2.jpeg */ = {isa = PBXFileReference; lastKnownFileType = image.jpeg; path = "jsmdev-test-image-2.jpeg"; sourceTree = "<group>"; };
		907B6E83262CBB7500E2C697 /* jsmdev-test-image-9.jpeg */ = {isa = PBXFileReference; lastKnownFileType = image.jpeg; path = "jsmdev-test-image-9.jpeg"; sourceTree = "<group>"; };
		907B6E84262CBB7500E2C697 /* jsmdev-test-image-48.jpeg */ = {isa = PBXFileReference; lastKnownFileType = image.jpeg; path = "jsmdev-test-image-48.jpeg"; sourceTree = "<group>"; };
		907B6E85262CBB7500E2C697 /* jsmdev-test-image-64.jpeg */ = {isa = PBXFileReference; lastKnownFileType = image.jpeg; path = "jsmdev-test-image-64.jpeg"; sourceTree = "<group>"; };
		907B6E86262CBB7500E2C697 /* jsmdev-test-image-33.jpeg */ = {isa = PBXFileReference; lastKnownFileType = image.jpeg; path = "jsmdev-test-image-33.jpeg"; sourceTree = "<group>"; };
		907B6E87262CBB7500E2C697 /* jsmdev-test-image-25.jpeg */ = {isa = PBXFileReference; lastKnownFileType = image.jpeg; path = "jsmdev-test-image-25.jpeg"; sourceTree = "<group>"; };
		907B6E88262CBB7500E2C697 /* jsmdev-test-image-72.jpeg */ = {isa = PBXFileReference; lastKnownFileType = image.jpeg; path = "jsmdev-test-image-72.jpeg"; sourceTree = "<group>"; };
		907B6E89262CBB7500E2C697 /* jsmdev-test-image-5.jpeg */ = {isa = PBXFileReference; lastKnownFileType = image.jpeg; path = "jsmdev-test-image-5.jpeg"; sourceTree = "<group>"; };
		907B6E8A262CBB7500E2C697 /* jsmdev-test-image-52.jpeg */ = {isa = PBXFileReference; lastKnownFileType = image.jpeg; path = "jsmdev-test-image-52.jpeg"; sourceTree = "<group>"; };
		907B6E8B262CBB7500E2C697 /* jsmdev-test-image-101.jpeg */ = {isa = PBXFileReference; lastKnownFileType = image.jpeg; path = "jsmdev-test-image-101.jpeg"; sourceTree = "<group>"; };
		907B6E8C262CBB7500E2C697 /* jsmdev-test-image-44.jpeg */ = {isa = PBXFileReference; lastKnownFileType = image.jpeg; path = "jsmdev-test-image-44.jpeg"; sourceTree = "<group>"; };
		907B6E8D262CBB7500E2C697 /* jsmdev-test-image-13.jpeg */ = {isa = PBXFileReference; lastKnownFileType = image.jpeg; path = "jsmdev-test-image-13.jpeg"; sourceTree = "<group>"; };
		907B6E8E262CBB7500E2C697 /* jsmdev-test-image-68.jpeg */ = {isa = PBXFileReference; lastKnownFileType = image.jpeg; path = "jsmdev-test-image-68.jpeg"; sourceTree = "<group>"; };
		907B6E8F262CBB7500E2C697 /* jsmdev-test-image-87.jpeg */ = {isa = PBXFileReference; lastKnownFileType = image.jpeg; path = "jsmdev-test-image-87.jpeg"; sourceTree = "<group>"; };
		907B6E90262CBB7500E2C697 /* jsmdev-test-image-29.jpeg */ = {isa = PBXFileReference; lastKnownFileType = image.jpeg; path = "jsmdev-test-image-29.jpeg"; sourceTree = "<group>"; };
		907B6E91262CBB7500E2C697 /* jsmdev-test-image-91.jpeg */ = {isa = PBXFileReference; lastKnownFileType = image.jpeg; path = "jsmdev-test-image-91.jpeg"; sourceTree = "<group>"; };
		907B6E92262CBB7500E2C697 /* jsmdev-test-image-90.jpeg */ = {isa = PBXFileReference; lastKnownFileType = image.jpeg; path = "jsmdev-test-image-90.jpeg"; sourceTree = "<group>"; };
		907B6E93262CBB7500E2C697 /* jsmdev-test-image-28.jpeg */ = {isa = PBXFileReference; lastKnownFileType = image.jpeg; path = "jsmdev-test-image-28.jpeg"; sourceTree = "<group>"; };
		907B6E94262CBB7500E2C697 /* jsmdev-test-image-69.jpeg */ = {isa = PBXFileReference; lastKnownFileType = image.jpeg; path = "jsmdev-test-image-69.jpeg"; sourceTree = "<group>"; };
		907B6E95262CBB7500E2C697 /* jsmdev-test-image-86.jpeg */ = {isa = PBXFileReference; lastKnownFileType = image.jpeg; path = "jsmdev-test-image-86.jpeg"; sourceTree = "<group>"; };
		907B6E96262CBB7500E2C697 /* jsmdev-test-image-12.jpeg */ = {isa = PBXFileReference; lastKnownFileType = image.jpeg; path = "jsmdev-test-image-12.jpeg"; sourceTree = "<group>"; };
		907B6E97262CBB7500E2C697 /* jsmdev-test-image-100.jpeg */ = {isa = PBXFileReference; lastKnownFileType = image.jpeg; path = "jsmdev-test-image-100.jpeg"; sourceTree = "<group>"; };
		907B6E98262CBB7500E2C697 /* jsmdev-test-image-45.jpeg */ = {isa = PBXFileReference; lastKnownFileType = image.jpeg; path = "jsmdev-test-image-45.jpeg"; sourceTree = "<group>"; };
		907B6E99262CBB7500E2C697 /* jsmdev-test-image-53.jpeg */ = {isa = PBXFileReference; lastKnownFileType = image.jpeg; path = "jsmdev-test-image-53.jpeg"; sourceTree = "<group>"; };
		907B6E9A262CBB7500E2C697 /* jsmdev-test-image-4.jpeg */ = {isa = PBXFileReference; lastKnownFileType = image.jpeg; path = "jsmdev-test-image-4.jpeg"; sourceTree = "<group>"; };
		907B6E9B262CBB7500E2C697 /* jsmdev-test-image-73.jpeg */ = {isa = PBXFileReference; lastKnownFileType = image.jpeg; path = "jsmdev-test-image-73.jpeg"; sourceTree = "<group>"; };
		907B6E9C262CBB7500E2C697 /* jsmdev-test-image-24.jpeg */ = {isa = PBXFileReference; lastKnownFileType = image.jpeg; path = "jsmdev-test-image-24.jpeg"; sourceTree = "<group>"; };
		907B6E9D262CBB7500E2C697 /* jsmdev-test-image-32.jpeg */ = {isa = PBXFileReference; lastKnownFileType = image.jpeg; path = "jsmdev-test-image-32.jpeg"; sourceTree = "<group>"; };
		907B6E9E262CBB7500E2C697 /* jsmdev-test-image-65.jpeg */ = {isa = PBXFileReference; lastKnownFileType = image.jpeg; path = "jsmdev-test-image-65.jpeg"; sourceTree = "<group>"; };
		907B6E9F262CBB7500E2C697 /* jsmdev-test-image-49.jpeg */ = {isa = PBXFileReference; lastKnownFileType = image.jpeg; path = "jsmdev-test-image-49.jpeg"; sourceTree = "<group>"; };
		907B6EA0262CBB7500E2C697 /* jsmdev-test-image-8.jpeg */ = {isa = PBXFileReference; lastKnownFileType = image.jpeg; path = "jsmdev-test-image-8.jpeg"; sourceTree = "<group>"; };
		907B6F0C262CBF0500E2C697 /* ImageCellViewModel.swift */ = {isa = PBXFileReference; lastKnownFileType = sourcecode.swift; path = ImageCellViewModel.swift; sourceTree = "<group>"; };
		90859112262D98F500396B07 /* YOLO.mlmodel */ = {isa = PBXFileReference; lastKnownFileType = file.mlmodel; path = YOLO.mlmodel; sourceTree = "<group>"; };
		90859115262D9CB900396B07 /* ImageDetailViewController.xib */ = {isa = PBXFileReference; lastKnownFileType = file.xib; path = ImageDetailViewController.xib; sourceTree = "<group>"; };
		90DDD2BA262DE2E500EFFF31 /* LoadingViewController.swift */ = {isa = PBXFileReference; lastKnownFileType = sourcecode.swift; path = LoadingViewController.swift; sourceTree = "<group>"; };
		90DDD2BB262DE2E500EFFF31 /* LoadingViewController.xib */ = {isa = PBXFileReference; lastKnownFileType = file.xib; path = LoadingViewController.xib; sourceTree = "<group>"; };
/* End PBXFileReference section */

/* Begin PBXFrameworksBuildPhase section */
		907B6DDE262C9DCD00E2C697 /* Frameworks */ = {
			isa = PBXFrameworksBuildPhase;
			buildActionMask = 2147483647;
			files = (
			);
			runOnlyForDeploymentPostprocessing = 0;
		};
/* End PBXFrameworksBuildPhase section */

/* Begin PBXGroup section */
		9005D19D262D81A4006A415D /* Cell */ = {
			isa = PBXGroup;
			children = (
				9005D196262D7D8E006A415D /* ImageCell.xib */,
				9005D195262D7D8E006A415D /* ImageCell.swift */,
				907B6F0C262CBF0500E2C697 /* ImageCellViewModel.swift */,
			);
			path = Cell;
			sourceTree = "<group>";
		};
		907B6DD8262C9DCD00E2C697 = {
			isa = PBXGroup;
			children = (
				907B6DE3262C9DCD00E2C697 /* SourceCode */,
				907B6DFB262CA03D00E2C697 /* Resources */,
				907B6DE2262C9DCD00E2C697 /* Products */,
			);
			sourceTree = "<group>";
		};
		907B6DE2262C9DCD00E2C697 /* Products */ = {
			isa = PBXGroup;
			children = (
				907B6DE1262C9DCD00E2C697 /* ObjectRecognition.app */,
			);
			name = Products;
			sourceTree = "<group>";
		};
		907B6DE3262C9DCD00E2C697 /* SourceCode */ = {
			isa = PBXGroup;
			children = (
				907B6DFC262CA08B00E2C697 /* Delegates */,
				907B6E07262CA20F00E2C697 /* AppScenes */,
				907B6E11262CAC5000E2C697 /* Models */,
			);
			path = SourceCode;
			sourceTree = "<group>";
		};
		907B6DFB262CA03D00E2C697 /* Resources */ = {
			isa = PBXGroup;
			children = (
				90859112262D98F500396B07 /* YOLO.mlmodel */,
				907B6E33262CBAD100E2C697 /* AppConfiguration */,
				907B6E32262CBAC300E2C697 /* Storyboards */,
				907B6E37262CBB7500E2C697 /* TestImages */,
				907B6E34262CBAE500E2C697 /* Assets */,
			);
			path = Resources;
			sourceTree = "<group>";
		};
		907B6DFC262CA08B00E2C697 /* Delegates */ = {
			isa = PBXGroup;
			children = (
				907B6DE4262C9DCD00E2C697 /* AppDelegate.swift */,
				907B6DE6262C9DCD00E2C697 /* SceneDelegate.swift */,
			);
			path = Delegates;
			sourceTree = "<group>";
		};
		907B6E07262CA20F00E2C697 /* AppScenes */ = {
			isa = PBXGroup;
			children = (
				90DDD2BF262DE2EC00EFFF31 /* Loading */,
				907B6E09262CA25D00E2C697 /* CatalogueAndSearch */,
				907B6E0B262CA27200E2C697 /* ImageDetail */,
			);
			path = AppScenes;
			sourceTree = "<group>";
		};
		907B6E09262CA25D00E2C697 /* CatalogueAndSearch */ = {
			isa = PBXGroup;
			children = (
				9005D191262D7C07006A415D /* CatalogueAndSearchViewController.xib */,
				907B6DE8262C9DCD00E2C697 /* CatalogueAndSearchViewController.swift */,
				907B6E0C262CA3B900E2C697 /* CatalogueAndSearchViewModel.swift */,
				9005D19D262D81A4006A415D /* Cell */,
			);
			path = CatalogueAndSearch;
			sourceTree = "<group>";
		};
		907B6E0B262CA27200E2C697 /* ImageDetail */ = {
			isa = PBXGroup;
			children = (
				90859115262D9CB900396B07 /* ImageDetailViewController.xib */,
				907B6E2F262CBA5E00E2C697 /* ImageDetailViewController.swift */,
				907B6E2C262CBA4000E2C697 /* ImageDetailViewModel.swift */,
			);
			path = ImageDetail;
			sourceTree = "<group>";
		};
		907B6E11262CAC5000E2C697 /* Models */ = {
			isa = PBXGroup;
			children = (
				907B6E15262CAD0C00E2C697 /* TestImageModel.swift */,
				907B6E12262CACA300E2C697 /* ImageRepository.swift */,
			);
			path = Models;
			sourceTree = "<group>";
		};
		907B6E32262CBAC300E2C697 /* Storyboards */ = {
			isa = PBXGroup;
			children = (
				907B6DEF262C9DCD00E2C697 /* LaunchScreen.storyboard */,
			);
			path = Storyboards;
			sourceTree = "<group>";
		};
		907B6E33262CBAD100E2C697 /* AppConfiguration */ = {
			isa = PBXGroup;
			children = (
				907B6DF2262C9DCD00E2C697 /* Info.plist */,
			);
			path = AppConfiguration;
			sourceTree = "<group>";
		};
		907B6E34262CBAE500E2C697 /* Assets */ = {
			isa = PBXGroup;
			children = (
				907B6DED262C9DCD00E2C697 /* Assets.xcassets */,
			);
			path = Assets;
			sourceTree = "<group>";
		};
		907B6E37262CBB7500E2C697 /* TestImages */ = {
			isa = PBXGroup;
			children = (
				907B6E38262CBB7500E2C697 /* jsmdev-test-image-70.jpeg */,
				907B6E39262CBB7500E2C697 /* jsmdev-test-image-27.jpeg */,
				907B6E3A262CBB7500E2C697 /* jsmdev-test-image-31.jpeg */,
				907B6E3B262CBB7500E2C697 /* jsmdev-test-image-89.jpeg */,
				907B6E3C262CBB7500E2C697 /* jsmdev-test-image-66.jpeg */,
				907B6E3D262CBB7500E2C697 /* jsmdev-test-image-93.jpeg */,
				907B6E3E262CBB7500E2C697 /* jsmdev-test-image-85.jpeg */,
				907B6E3F262CBB7500E2C697 /* jsmdev-test-image-11.jpeg */,
				907B6E40262CBB7500E2C697 /* jsmdev-test-image-46.jpeg */,
				907B6E41262CBB7500E2C697 /* jsmdev-test-image-103.jpeg */,
				907B6E42262CBB7500E2C697 /* jsmdev-test-image-50.jpeg */,
				907B6E43262CBB7500E2C697 /* jsmdev-test-image-7.jpeg */,
				907B6E44262CBB7500E2C697 /* jsmdev-test-image-6.jpeg */,
				907B6E45262CBB7500E2C697 /* jsmdev-test-image-51.jpeg */,
				907B6E46262CBB7500E2C697 /* jsmdev-test-image-47.jpeg */,
				907B6E47262CBB7500E2C697 /* jsmdev-test-image-102.jpeg */,
				907B6E48262CBB7500E2C697 /* jsmdev-test-image-10.jpeg */,
				907B6E49262CBB7500E2C697 /* jsmdev-test-image-84.jpeg */,
				907B6E4A262CBB7500E2C697 /* jsmdev-test-image-92.jpeg */,
				907B6E4B262CBB7500E2C697 /* jsmdev-test-image-88.jpeg */,
				907B6E4C262CBB7500E2C697 /* jsmdev-test-image-67.jpeg */,
				907B6E4D262CBB7500E2C697 /* jsmdev-test-image-30.jpeg */,
				907B6E4E262CBB7500E2C697 /* jsmdev-test-image-26.jpeg */,
				907B6E4F262CBB7500E2C697 /* jsmdev-test-image-71.jpeg */,
				907B6E50262CBB7500E2C697 /* jsmdev-test-image-95.jpeg */,
				907B6E51262CBB7500E2C697 /* jsmdev-test-image-83.jpeg */,
				907B6E52262CBB7500E2C697 /* jsmdev-test-image-17.jpeg */,
				907B6E53262CBB7500E2C697 /* jsmdev-test-image-40.jpeg */,
				907B6E54262CBB7500E2C697 /* jsmdev-test-image-56.jpeg */,
				907B6E55262CBB7500E2C697 /* jsmdev-test-image-1.jpeg */,
				907B6E56262CBB7500E2C697 /* jsmdev-test-image-99.jpeg */,
				907B6E57262CBB7500E2C697 /* jsmdev-test-image-76.jpeg */,
				907B6E58262CBB7500E2C697 /* jsmdev-test-image-21.jpeg */,
				907B6E59262CBB7500E2C697 /* jsmdev-test-image-37.jpeg */,
				907B6E5A262CBB7500E2C697 /* jsmdev-test-image-60.jpeg */,
				907B6E5B262CBB7500E2C697 /* jsmdev-test-image-61.jpeg */,
				907B6E5C262CBB7500E2C697 /* jsmdev-test-image-36.jpeg */,
				907B6E5D262CBB7500E2C697 /* jsmdev-test-image-20.jpeg */,
				907B6E5E262CBB7500E2C697 /* jsmdev-test-image-98.jpeg */,
				907B6E5F262CBB7500E2C697 /* jsmdev-test-image-77.jpeg */,
				907B6E60262CBB7500E2C697 /* jsmdev-test-image-0.jpeg */,
				907B6E61262CBB7500E2C697 /* jsmdev-test-image-57.jpeg */,
				907B6E62262CBB7500E2C697 /* jsmdev-test-image-41.jpeg */,
				907B6E63262CBB7500E2C697 /* jsmdev-test-image-104.jpeg */,
				907B6E64262CBB7500E2C697 /* jsmdev-test-image-16.jpeg */,
				907B6E65262CBB7500E2C697 /* jsmdev-test-image-82.jpeg */,
				907B6E66262CBB7500E2C697 /* jsmdev-test-image-94.jpeg */,
				907B6E67262CBB7500E2C697 /* jsmdev-test-image-3.jpeg */,
				907B6E68262CBB7500E2C697 /* jsmdev-test-image-54.jpeg */,
				907B6E69262CBB7500E2C697 /* jsmdev-test-image-42.jpeg */,
				907B6E6A262CBB7500E2C697 /* jsmdev-test-image-15.jpeg */,
				907B6E6B262CBB7500E2C697 /* jsmdev-test-image-81.jpeg */,
				907B6E6C262CBB7500E2C697 /* jsmdev-test-image-39.jpeg */,
				907B6E6D262CBB7500E2C697 /* jsmdev-test-image-78.jpeg */,
				907B6E6E262CBB7500E2C697 /* jsmdev-test-image-97.jpeg */,
				907B6E6F262CBB7500E2C697 /* jsmdev-test-image-58.jpeg */,
				907B6E70262CBB7500E2C697 /* jsmdev-test-image-19.jpeg */,
				907B6E71262CBB7500E2C697 /* jsmdev-test-image-62.jpeg */,
				907B6E72262CBB7500E2C697 /* jsmdev-test-image-35.jpeg */,
				907B6E73262CBB7500E2C697 /* jsmdev-test-image-23.jpeg */,
				907B6E74262CBB7500E2C697 /* jsmdev-test-image-74.jpeg */,
				907B6E75262CBB7500E2C697 /* jsmdev-test-image-75.jpeg */,
				907B6E76262CBB7500E2C697 /* jsmdev-test-image-22.jpeg */,
				907B6E77262CBB7500E2C697 /* jsmdev-test-image-34.jpeg */,
				907B6E78262CBB7500E2C697 /* jsmdev-test-image-63.jpeg */,
				907B6E79262CBB7500E2C697 /* jsmdev-test-image-18.jpeg */,
				907B6E7A262CBB7500E2C697 /* jsmdev-test-image-59.jpeg */,
				907B6E7B262CBB7500E2C697 /* jsmdev-test-image-79.jpeg */,
				907B6E7C262CBB7500E2C697 /* jsmdev-test-image-96.jpeg */,
				907B6E7D262CBB7500E2C697 /* jsmdev-test-image-38.jpeg */,
				907B6E7E262CBB7500E2C697 /* jsmdev-test-image-80.jpeg */,
				907B6E7F262CBB7500E2C697 /* jsmdev-test-image-14.jpeg */,
				907B6E80262CBB7500E2C697 /* jsmdev-test-image-43.jpeg */,
				907B6E81262CBB7500E2C697 /* jsmdev-test-image-55.jpeg */,
				907B6E82262CBB7500E2C697 /* jsmdev-test-image-2.jpeg */,
				907B6E83262CBB7500E2C697 /* jsmdev-test-image-9.jpeg */,
				907B6E84262CBB7500E2C697 /* jsmdev-test-image-48.jpeg */,
				907B6E85262CBB7500E2C697 /* jsmdev-test-image-64.jpeg */,
				907B6E86262CBB7500E2C697 /* jsmdev-test-image-33.jpeg */,
				907B6E87262CBB7500E2C697 /* jsmdev-test-image-25.jpeg */,
				907B6E88262CBB7500E2C697 /* jsmdev-test-image-72.jpeg */,
				907B6E89262CBB7500E2C697 /* jsmdev-test-image-5.jpeg */,
				907B6E8A262CBB7500E2C697 /* jsmdev-test-image-52.jpeg */,
				907B6E8B262CBB7500E2C697 /* jsmdev-test-image-101.jpeg */,
				907B6E8C262CBB7500E2C697 /* jsmdev-test-image-44.jpeg */,
				907B6E8D262CBB7500E2C697 /* jsmdev-test-image-13.jpeg */,
				907B6E8E262CBB7500E2C697 /* jsmdev-test-image-68.jpeg */,
				907B6E8F262CBB7500E2C697 /* jsmdev-test-image-87.jpeg */,
				907B6E90262CBB7500E2C697 /* jsmdev-test-image-29.jpeg */,
				907B6E91262CBB7500E2C697 /* jsmdev-test-image-91.jpeg */,
				907B6E92262CBB7500E2C697 /* jsmdev-test-image-90.jpeg */,
				907B6E93262CBB7500E2C697 /* jsmdev-test-image-28.jpeg */,
				907B6E94262CBB7500E2C697 /* jsmdev-test-image-69.jpeg */,
				907B6E95262CBB7500E2C697 /* jsmdev-test-image-86.jpeg */,
				907B6E96262CBB7500E2C697 /* jsmdev-test-image-12.jpeg */,
				907B6E97262CBB7500E2C697 /* jsmdev-test-image-100.jpeg */,
				907B6E98262CBB7500E2C697 /* jsmdev-test-image-45.jpeg */,
				907B6E99262CBB7500E2C697 /* jsmdev-test-image-53.jpeg */,
				907B6E9A262CBB7500E2C697 /* jsmdev-test-image-4.jpeg */,
				907B6E9B262CBB7500E2C697 /* jsmdev-test-image-73.jpeg */,
				907B6E9C262CBB7500E2C697 /* jsmdev-test-image-24.jpeg */,
				907B6E9D262CBB7500E2C697 /* jsmdev-test-image-32.jpeg */,
				907B6E9E262CBB7500E2C697 /* jsmdev-test-image-65.jpeg */,
				907B6E9F262CBB7500E2C697 /* jsmdev-test-image-49.jpeg */,
				907B6EA0262CBB7500E2C697 /* jsmdev-test-image-8.jpeg */,
			);
			path = TestImages;
			sourceTree = "<group>";
		};
		90DDD2BF262DE2EC00EFFF31 /* Loading */ = {
			isa = PBXGroup;
			children = (
				90DDD2BB262DE2E500EFFF31 /* LoadingViewController.xib */,
				90DDD2BA262DE2E500EFFF31 /* LoadingViewController.swift */,
			);
			path = Loading;
			sourceTree = "<group>";
		};
/* End PBXGroup section */

/* Begin PBXNativeTarget section */
		907B6DE0262C9DCD00E2C697 /* ObjectRecognition */ = {
			isa = PBXNativeTarget;
			buildConfigurationList = 907B6DF5262C9DCD00E2C697 /* Build configuration list for PBXNativeTarget "ObjectRecognition" */;
			buildPhases = (
				907B6DDD262C9DCD00E2C697 /* Sources */,
				907B6DDE262C9DCD00E2C697 /* Frameworks */,
				907B6DDF262C9DCD00E2C697 /* Resources */,
			);
			buildRules = (
			);
			dependencies = (
			);
			name = ObjectRecognition;
			productName = ObjectRecognition;
			productReference = 907B6DE1262C9DCD00E2C697 /* ObjectRecognition.app */;
			productType = "com.apple.product-type.application";
		};
/* End PBXNativeTarget section */

/* Begin PBXProject section */
		907B6DD9262C9DCD00E2C697 /* Project object */ = {
			isa = PBXProject;
			attributes = {
				LastSwiftUpdateCheck = 1240;
				LastUpgradeCheck = 1240;
				TargetAttributes = {
					907B6DE0262C9DCD00E2C697 = {
						CreatedOnToolsVersion = 12.4;
					};
				};
			};
			buildConfigurationList = 907B6DDC262C9DCD00E2C697 /* Build configuration list for PBXProject "ObjectRecognition" */;
			compatibilityVersion = "Xcode 9.3";
			developmentRegion = en;
			hasScannedForEncodings = 0;
			knownRegions = (
				en,
				Base,
			);
			mainGroup = 907B6DD8262C9DCD00E2C697;
			productRefGroup = 907B6DE2262C9DCD00E2C697 /* Products */;
			projectDirPath = "";
			projectRoot = "";
			targets = (
				907B6DE0262C9DCD00E2C697 /* ObjectRecognition */,
			);
		};
/* End PBXProject section */

/* Begin PBXResourcesBuildPhase section */
		907B6DDF262C9DCD00E2C697 /* Resources */ = {
			isa = PBXResourcesBuildPhase;
			buildActionMask = 2147483647;
			files = (
				907B6F06262CBB7500E2C697 /* jsmdev-test-image-32.jpeg in Resources */,
				907B6EA4262CBB7500E2C697 /* jsmdev-test-image-89.jpeg in Resources */,
				907B6EF5262CBB7500E2C697 /* jsmdev-test-image-44.jpeg in Resources */,
				907B6EFA262CBB7500E2C697 /* jsmdev-test-image-91.jpeg in Resources */,
				907B6F08262CBB7500E2C697 /* jsmdev-test-image-49.jpeg in Resources */,
				907B6EDB262CBB7500E2C697 /* jsmdev-test-image-35.jpeg in Resources */,
				907B6EB8262CBB7500E2C697 /* jsmdev-test-image-71.jpeg in Resources */,
				907B6EAE262CBB7500E2C697 /* jsmdev-test-image-51.jpeg in Resources */,
				907B6EBF262CBB7500E2C697 /* jsmdev-test-image-99.jpeg in Resources */,
				907B6EFC262CBB7500E2C697 /* jsmdev-test-image-28.jpeg in Resources */,
				907B6EC0262CBB7500E2C697 /* jsmdev-test-image-76.jpeg in Resources */,
				907B6EC9262CBB7500E2C697 /* jsmdev-test-image-0.jpeg in Resources */,
				907B6EA1262CBB7500E2C697 /* jsmdev-test-image-70.jpeg in Resources */,
				907B6ED7262CBB7500E2C697 /* jsmdev-test-image-97.jpeg in Resources */,
				907B6EE6262CBB7500E2C697 /* jsmdev-test-image-38.jpeg in Resources */,
				907B6EA7262CBB7500E2C697 /* jsmdev-test-image-85.jpeg in Resources */,
				907B6EE7262CBB7500E2C697 /* jsmdev-test-image-80.jpeg in Resources */,
				907B6ECD262CBB7500E2C697 /* jsmdev-test-image-16.jpeg in Resources */,
				907B6ECE262CBB7500E2C697 /* jsmdev-test-image-82.jpeg in Resources */,
				907B6EFB262CBB7500E2C697 /* jsmdev-test-image-90.jpeg in Resources */,
				907B6EB3262CBB7500E2C697 /* jsmdev-test-image-92.jpeg in Resources */,
				907B6F03262CBB7500E2C697 /* jsmdev-test-image-4.jpeg in Resources */,
				907B6EDE262CBB7500E2C697 /* jsmdev-test-image-75.jpeg in Resources */,
				907B6EAF262CBB7500E2C697 /* jsmdev-test-image-47.jpeg in Resources */,
				907B6EB9262CBB7500E2C697 /* jsmdev-test-image-95.jpeg in Resources */,
				907B6EAC262CBB7500E2C697 /* jsmdev-test-image-7.jpeg in Resources */,
				9005D192262D7C07006A415D /* CatalogueAndSearchViewController.xib in Resources */,
				907B6EF9262CBB7500E2C697 /* jsmdev-test-image-29.jpeg in Resources */,
				907B6EB1262CBB7500E2C697 /* jsmdev-test-image-10.jpeg in Resources */,
				907B6EE1262CBB7500E2C697 /* jsmdev-test-image-63.jpeg in Resources */,
				907B6EF2262CBB7500E2C697 /* jsmdev-test-image-5.jpeg in Resources */,
				907B6EF8262CBB7500E2C697 /* jsmdev-test-image-87.jpeg in Resources */,
				907B6EB6262CBB7500E2C697 /* jsmdev-test-image-30.jpeg in Resources */,
				907B6ED0262CBB7500E2C697 /* jsmdev-test-image-3.jpeg in Resources */,
				907B6EA6262CBB7500E2C697 /* jsmdev-test-image-93.jpeg in Resources */,
				907B6EA2262CBB7500E2C697 /* jsmdev-test-image-27.jpeg in Resources */,
				907B6EFD262CBB7500E2C697 /* jsmdev-test-image-69.jpeg in Resources */,
				907B6F04262CBB7500E2C697 /* jsmdev-test-image-73.jpeg in Resources */,
				907B6EBC262CBB7500E2C697 /* jsmdev-test-image-40.jpeg in Resources */,
				907B6F02262CBB7500E2C697 /* jsmdev-test-image-53.jpeg in Resources */,
				907B6EF0262CBB7500E2C697 /* jsmdev-test-image-25.jpeg in Resources */,
				907B6EB2262CBB7500E2C697 /* jsmdev-test-image-84.jpeg in Resources */,
				907B6EE0262CBB7500E2C697 /* jsmdev-test-image-34.jpeg in Resources */,
				907B6ED5262CBB7500E2C697 /* jsmdev-test-image-39.jpeg in Resources */,
				907B6EED262CBB7500E2C697 /* jsmdev-test-image-48.jpeg in Resources */,
				907B6ECF262CBB7500E2C697 /* jsmdev-test-image-94.jpeg in Resources */,
				907B6F09262CBB7500E2C697 /* jsmdev-test-image-8.jpeg in Resources */,
				907B6DF1262C9DCD00E2C697 /* LaunchScreen.storyboard in Resources */,
				907B6EE3262CBB7500E2C697 /* jsmdev-test-image-59.jpeg in Resources */,
				907B6ED4262CBB7500E2C697 /* jsmdev-test-image-81.jpeg in Resources */,
				907B6ED3262CBB7500E2C697 /* jsmdev-test-image-15.jpeg in Resources */,
				907B6EDD262CBB7500E2C697 /* jsmdev-test-image-74.jpeg in Resources */,
				907B6EAD262CBB7500E2C697 /* jsmdev-test-image-6.jpeg in Resources */,
				907B6EA3262CBB7500E2C697 /* jsmdev-test-image-31.jpeg in Resources */,
				907B6F00262CBB7500E2C697 /* jsmdev-test-image-100.jpeg in Resources */,
				907B6EF3262CBB7500E2C697 /* jsmdev-test-image-52.jpeg in Resources */,
				907B6EEB262CBB7500E2C697 /* jsmdev-test-image-2.jpeg in Resources */,
				907B6ED2262CBB7500E2C697 /* jsmdev-test-image-42.jpeg in Resources */,
				907B6EBB262CBB7500E2C697 /* jsmdev-test-image-17.jpeg in Resources */,
				907B6EC3262CBB7500E2C697 /* jsmdev-test-image-60.jpeg in Resources */,
				907B6EBA262CBB7500E2C697 /* jsmdev-test-image-83.jpeg in Resources */,
				907B6EE2262CBB7500E2C697 /* jsmdev-test-image-18.jpeg in Resources */,
				907B6EE5262CBB7500E2C697 /* jsmdev-test-image-96.jpeg in Resources */,
				907B6EF1262CBB7500E2C697 /* jsmdev-test-image-72.jpeg in Resources */,
				907B6EEA262CBB7500E2C697 /* jsmdev-test-image-55.jpeg in Resources */,
				907B6ECB262CBB7500E2C697 /* jsmdev-test-image-41.jpeg in Resources */,
				907B6EE4262CBB7500E2C697 /* jsmdev-test-image-79.jpeg in Resources */,
				9005D198262D7D8E006A415D /* ImageCell.xib in Resources */,
				907B6EB7262CBB7500E2C697 /* jsmdev-test-image-26.jpeg in Resources */,
				907B6ED1262CBB7500E2C697 /* jsmdev-test-image-54.jpeg in Resources */,
				907B6EDC262CBB7500E2C697 /* jsmdev-test-image-23.jpeg in Resources */,
				907B6EEC262CBB7500E2C697 /* jsmdev-test-image-9.jpeg in Resources */,
				90DDD2BD262DE2E500EFFF31 /* LoadingViewController.xib in Resources */,
				907B6EB5262CBB7500E2C697 /* jsmdev-test-image-67.jpeg in Resources */,
				907B6EA5262CBB7500E2C697 /* jsmdev-test-image-66.jpeg in Resources */,
				907B6ECA262CBB7500E2C697 /* jsmdev-test-image-57.jpeg in Resources */,
				907B6EC4262CBB7500E2C697 /* jsmdev-test-image-61.jpeg in Resources */,
				907B6EE9262CBB7500E2C697 /* jsmdev-test-image-43.jpeg in Resources */,
				907B6EC8262CBB7500E2C697 /* jsmdev-test-image-77.jpeg in Resources */,
				907B6EA8262CBB7500E2C697 /* jsmdev-test-image-11.jpeg in Resources */,
				907B6ED8262CBB7500E2C697 /* jsmdev-test-image-58.jpeg in Resources */,
				907B6EFE262CBB7500E2C697 /* jsmdev-test-image-86.jpeg in Resources */,
				907B6EAA262CBB7500E2C697 /* jsmdev-test-image-103.jpeg in Resources */,
				907B6EDA262CBB7500E2C697 /* jsmdev-test-image-62.jpeg in Resources */,
				907B6EB0262CBB7500E2C697 /* jsmdev-test-image-102.jpeg in Resources */,
				907B6EC1262CBB7500E2C697 /* jsmdev-test-image-21.jpeg in Resources */,
				907B6EFF262CBB7500E2C697 /* jsmdev-test-image-12.jpeg in Resources */,
				907B6EE8262CBB7500E2C697 /* jsmdev-test-image-14.jpeg in Resources */,
				907B6EAB262CBB7500E2C697 /* jsmdev-test-image-50.jpeg in Resources */,
				907B6EC2262CBB7500E2C697 /* jsmdev-test-image-37.jpeg in Resources */,
				907B6DEE262C9DCD00E2C697 /* Assets.xcassets in Resources */,
				907B6F01262CBB7500E2C697 /* jsmdev-test-image-45.jpeg in Resources */,
				907B6ECC262CBB7500E2C697 /* jsmdev-test-image-104.jpeg in Resources */,
				907B6EC5262CBB7500E2C697 /* jsmdev-test-image-36.jpeg in Resources */,
				907B6EC6262CBB7500E2C697 /* jsmdev-test-image-20.jpeg in Resources */,
				907B6EBE262CBB7500E2C697 /* jsmdev-test-image-1.jpeg in Resources */,
				90859116262D9CB900396B07 /* ImageDetailViewController.xib in Resources */,
				907B6EF7262CBB7500E2C697 /* jsmdev-test-image-68.jpeg in Resources */,
				907B6F07262CBB7500E2C697 /* jsmdev-test-image-65.jpeg in Resources */,
				907B6EBD262CBB7500E2C697 /* jsmdev-test-image-56.jpeg in Resources */,
				907B6EF4262CBB7500E2C697 /* jsmdev-test-image-101.jpeg in Resources */,
				907B6EB4262CBB7500E2C697 /* jsmdev-test-image-88.jpeg in Resources */,
				907B6EF6262CBB7500E2C697 /* jsmdev-test-image-13.jpeg in Resources */,
				907B6EEF262CBB7500E2C697 /* jsmdev-test-image-33.jpeg in Resources */,
				907B6EDF262CBB7500E2C697 /* jsmdev-test-image-22.jpeg in Resources */,
				907B6EC7262CBB7500E2C697 /* jsmdev-test-image-98.jpeg in Resources */,
				907B6EEE262CBB7500E2C697 /* jsmdev-test-image-64.jpeg in Resources */,
				907B6ED6262CBB7500E2C697 /* jsmdev-test-image-78.jpeg in Resources */,
				907B6EA9262CBB7500E2C697 /* jsmdev-test-image-46.jpeg in Resources */,
				907B6ED9262CBB7500E2C697 /* jsmdev-test-image-19.jpeg in Resources */,
				907B6F05262CBB7500E2C697 /* jsmdev-test-image-24.jpeg in Resources */,
			);
			runOnlyForDeploymentPostprocessing = 0;
		};
/* End PBXResourcesBuildPhase section */

/* Begin PBXSourcesBuildPhase section */
		907B6DDD262C9DCD00E2C697 /* Sources */ = {
			isa = PBXSourcesBuildPhase;
			buildActionMask = 2147483647;
			files = (
				907B6F0D262CBF0500E2C697 /* ImageCellViewModel.swift in Sources */,
				9005D197262D7D8E006A415D /* ImageCell.swift in Sources */,
				907B6DE9262C9DCD00E2C697 /* CatalogueAndSearchViewController.swift in Sources */,
				907B6E2D262CBA4000E2C697 /* ImageDetailViewModel.swift in Sources */,
				907B6DE5262C9DCD00E2C697 /* AppDelegate.swift in Sources */,
				907B6E13262CACA300E2C697 /* ImageRepository.swift in Sources */,
				907B6E16262CAD0C00E2C697 /* TestImageModel.swift in Sources */,
				90859113262D98F500396B07 /* YOLO.mlmodel in Sources */,
				907B6E0D262CA3B900E2C697 /* CatalogueAndSearchViewModel.swift in Sources */,
				907B6DE7262C9DCD00E2C697 /* SceneDelegate.swift in Sources */,
				907B6E30262CBA5E00E2C697 /* ImageDetailViewController.swift in Sources */,
				90DDD2BC262DE2E500EFFF31 /* LoadingViewController.swift in Sources */,
			);
			runOnlyForDeploymentPostprocessing = 0;
		};
/* End PBXSourcesBuildPhase section */

/* Begin PBXVariantGroup section */
		907B6DEF262C9DCD00E2C697 /* LaunchScreen.storyboard */ = {
			isa = PBXVariantGroup;
			children = (
				907B6DF0262C9DCD00E2C697 /* Base */,
			);
			name = LaunchScreen.storyboard;
			sourceTree = "<group>";
		};
/* End PBXVariantGroup section */

/* Begin XCBuildConfiguration section */
		907B6DF3262C9DCD00E2C697 /* Debug */ = {
			isa = XCBuildConfiguration;
			buildSettings = {
				ALWAYS_SEARCH_USER_PATHS = NO;
				CLANG_ANALYZER_NONNULL = YES;
				CLANG_ANALYZER_NUMBER_OBJECT_CONVERSION = YES_AGGRESSIVE;
				CLANG_CXX_LANGUAGE_STANDARD = "gnu++14";
				CLANG_CXX_LIBRARY = "libc++";
				CLANG_ENABLE_MODULES = YES;
				CLANG_ENABLE_OBJC_ARC = YES;
				CLANG_ENABLE_OBJC_WEAK = YES;
				CLANG_WARN_BLOCK_CAPTURE_AUTORELEASING = YES;
				CLANG_WARN_BOOL_CONVERSION = YES;
				CLANG_WARN_COMMA = YES;
				CLANG_WARN_CONSTANT_CONVERSION = YES;
				CLANG_WARN_DEPRECATED_OBJC_IMPLEMENTATIONS = YES;
				CLANG_WARN_DIRECT_OBJC_ISA_USAGE = YES_ERROR;
				CLANG_WARN_DOCUMENTATION_COMMENTS = YES;
				CLANG_WARN_EMPTY_BODY = YES;
				CLANG_WARN_ENUM_CONVERSION = YES;
				CLANG_WARN_INFINITE_RECURSION = YES;
				CLANG_WARN_INT_CONVERSION = YES;
				CLANG_WARN_NON_LITERAL_NULL_CONVERSION = YES;
				CLANG_WARN_OBJC_IMPLICIT_RETAIN_SELF = YES;
				CLANG_WARN_OBJC_LITERAL_CONVERSION = YES;
				CLANG_WARN_OBJC_ROOT_CLASS = YES_ERROR;
				CLANG_WARN_QUOTED_INCLUDE_IN_FRAMEWORK_HEADER = YES;
				CLANG_WARN_RANGE_LOOP_ANALYSIS = YES;
				CLANG_WARN_STRICT_PROTOTYPES = YES;
				CLANG_WARN_SUSPICIOUS_MOVE = YES;
				CLANG_WARN_UNGUARDED_AVAILABILITY = YES_AGGRESSIVE;
				CLANG_WARN_UNREACHABLE_CODE = YES;
				CLANG_WARN__DUPLICATE_METHOD_MATCH = YES;
				COPY_PHASE_STRIP = NO;
				DEBUG_INFORMATION_FORMAT = dwarf;
				ENABLE_STRICT_OBJC_MSGSEND = YES;
				ENABLE_TESTABILITY = YES;
				GCC_C_LANGUAGE_STANDARD = gnu11;
				GCC_DYNAMIC_NO_PIC = NO;
				GCC_NO_COMMON_BLOCKS = YES;
				GCC_OPTIMIZATION_LEVEL = 0;
				GCC_PREPROCESSOR_DEFINITIONS = (
					"DEBUG=1",
					"$(inherited)",
				);
				GCC_WARN_64_TO_32_BIT_CONVERSION = YES;
				GCC_WARN_ABOUT_RETURN_TYPE = YES_ERROR;
				GCC_WARN_UNDECLARED_SELECTOR = YES;
				GCC_WARN_UNINITIALIZED_AUTOS = YES_AGGRESSIVE;
				GCC_WARN_UNUSED_FUNCTION = YES;
				GCC_WARN_UNUSED_VARIABLE = YES;
				IPHONEOS_DEPLOYMENT_TARGET = 14.4;
				MTL_ENABLE_DEBUG_INFO = INCLUDE_SOURCE;
				MTL_FAST_MATH = YES;
				ONLY_ACTIVE_ARCH = YES;
				SDKROOT = iphoneos;
				SWIFT_ACTIVE_COMPILATION_CONDITIONS = DEBUG;
				SWIFT_OPTIMIZATION_LEVEL = "-Onone";
			};
			name = Debug;
		};
		907B6DF4262C9DCD00E2C697 /* Release */ = {
			isa = XCBuildConfiguration;
			buildSettings = {
				ALWAYS_SEARCH_USER_PATHS = NO;
				CLANG_ANALYZER_NONNULL = YES;
				CLANG_ANALYZER_NUMBER_OBJECT_CONVERSION = YES_AGGRESSIVE;
				CLANG_CXX_LANGUAGE_STANDARD = "gnu++14";
				CLANG_CXX_LIBRARY = "libc++";
				CLANG_ENABLE_MODULES = YES;
				CLANG_ENABLE_OBJC_ARC = YES;
				CLANG_ENABLE_OBJC_WEAK = YES;
				CLANG_WARN_BLOCK_CAPTURE_AUTORELEASING = YES;
				CLANG_WARN_BOOL_CONVERSION = YES;
				CLANG_WARN_COMMA = YES;
				CLANG_WARN_CONSTANT_CONVERSION = YES;
				CLANG_WARN_DEPRECATED_OBJC_IMPLEMENTATIONS = YES;
				CLANG_WARN_DIRECT_OBJC_ISA_USAGE = YES_ERROR;
				CLANG_WARN_DOCUMENTATION_COMMENTS = YES;
				CLANG_WARN_EMPTY_BODY = YES;
				CLANG_WARN_ENUM_CONVERSION = YES;
				CLANG_WARN_INFINITE_RECURSION = YES;
				CLANG_WARN_INT_CONVERSION = YES;
				CLANG_WARN_NON_LITERAL_NULL_CONVERSION = YES;
				CLANG_WARN_OBJC_IMPLICIT_RETAIN_SELF = YES;
				CLANG_WARN_OBJC_LITERAL_CONVERSION = YES;
				CLANG_WARN_OBJC_ROOT_CLASS = YES_ERROR;
				CLANG_WARN_QUOTED_INCLUDE_IN_FRAMEWORK_HEADER = YES;
				CLANG_WARN_RANGE_LOOP_ANALYSIS = YES;
				CLANG_WARN_STRICT_PROTOTYPES = YES;
				CLANG_WARN_SUSPICIOUS_MOVE = YES;
				CLANG_WARN_UNGUARDED_AVAILABILITY = YES_AGGRESSIVE;
				CLANG_WARN_UNREACHABLE_CODE = YES;
				CLANG_WARN__DUPLICATE_METHOD_MATCH = YES;
				COPY_PHASE_STRIP = NO;
				DEBUG_INFORMATION_FORMAT = "dwarf-with-dsym";
				ENABLE_NS_ASSERTIONS = NO;
				ENABLE_STRICT_OBJC_MSGSEND = YES;
				GCC_C_LANGUAGE_STANDARD = gnu11;
				GCC_NO_COMMON_BLOCKS = YES;
				GCC_WARN_64_TO_32_BIT_CONVERSION = YES;
				GCC_WARN_ABOUT_RETURN_TYPE = YES_ERROR;
				GCC_WARN_UNDECLARED_SELECTOR = YES;
				GCC_WARN_UNINITIALIZED_AUTOS = YES_AGGRESSIVE;
				GCC_WARN_UNUSED_FUNCTION = YES;
				GCC_WARN_UNUSED_VARIABLE = YES;
				IPHONEOS_DEPLOYMENT_TARGET = 14.4;
				MTL_ENABLE_DEBUG_INFO = NO;
				MTL_FAST_MATH = YES;
				SDKROOT = iphoneos;
				SWIFT_COMPILATION_MODE = wholemodule;
				SWIFT_OPTIMIZATION_LEVEL = "-O";
				VALIDATE_PRODUCT = YES;
			};
			name = Release;
		};
		907B6DF6262C9DCD00E2C697 /* Debug */ = {
			isa = XCBuildConfiguration;
			buildSettings = {
				ASSETCATALOG_COMPILER_APPICON_NAME = AppIcon;
				ASSETCATALOG_COMPILER_GLOBAL_ACCENT_COLOR_NAME = AccentColor;
				CODE_SIGN_STYLE = Automatic;
				CURRENT_PROJECT_VERSION = 1;
				INFOPLIST_FILE = Resources/AppConfiguration/Info.plist;
				LD_RUNPATH_SEARCH_PATHS = (
					"$(inherited)",
					"@executable_path/Frameworks",
				);
				MARKETING_VERSION = 1.0.0;
				PRODUCT_BUNDLE_IDENTIFIER = com.jsmdev.xi.bootcamp.mobile.ObjectRecognition;
				PRODUCT_NAME = "$(TARGET_NAME)";
				SWIFT_VERSION = 5.0;
				TARGETED_DEVICE_FAMILY = "1,2";
			};
			name = Debug;
		};
		907B6DF7262C9DCD00E2C697 /* Release */ = {
			isa = XCBuildConfiguration;
			buildSettings = {
				ASSETCATALOG_COMPILER_APPICON_NAME = AppIcon;
				ASSETCATALOG_COMPILER_GLOBAL_ACCENT_COLOR_NAME = AccentColor;
				CODE_SIGN_STYLE = Automatic;
				CURRENT_PROJECT_VERSION = 1;
				INFOPLIST_FILE = Resources/AppConfiguration/Info.plist;
				LD_RUNPATH_SEARCH_PATHS = (
					"$(inherited)",
					"@executable_path/Frameworks",
				);
				MARKETING_VERSION = 1.0.0;
				PRODUCT_BUNDLE_IDENTIFIER = com.jsmdev.xi.bootcamp.mobile.ObjectRecognition;
				PRODUCT_NAME = "$(TARGET_NAME)";
				SWIFT_VERSION = 5.0;
				TARGETED_DEVICE_FAMILY = "1,2";
			};
			name = Release;
		};
/* End XCBuildConfiguration section */

/* Begin XCConfigurationList section */
		907B6DDC262C9DCD00E2C697 /* Build configuration list for PBXProject "ObjectRecognition" */ = {
			isa = XCConfigurationList;
			buildConfigurations = (
				907B6DF3262C9DCD00E2C697 /* Debug */,
				907B6DF4262C9DCD00E2C697 /* Release */,
			);
			defaultConfigurationIsVisible = 0;
			defaultConfigurationName = Release;
		};
		907B6DF5262C9DCD00E2C697 /* Build configuration list for PBXNativeTarget "ObjectRecognition" */ = {
			isa = XCConfigurationList;
			buildConfigurations = (
				907B6DF6262C9DCD00E2C697 /* Debug */,
				907B6DF7262C9DCD00E2C697 /* Release */,
			);
			defaultConfigurationIsVisible = 0;
			defaultConfigurationName = Release;
		};
/* End XCConfigurationList section */
	};
	rootObject = 907B6DD9262C9DCD00E2C697 /* Project object */;
}
